{
  "version": 4,
  "terraform_version": "0.15.1",
  "serial": 67,
  "lineage": "315a59a5-6149-b706-d5ca-4b1713e26d65",
  "outputs": {
    "private_subnets": {
      "value": [
        [
          "subnet-0dbc579d2434825f3",
          "subnet-00b9bda1b67aa6984",
          "subnet-04193b509db81e383"
        ]
      ],
      "type": [
        "tuple",
        [
          [
            "tuple",
            [
              "string",
              "string",
              "string"
            ]
          ]
        ]
      ]
    }
  },
  "resources": [
    {
      "module": "module.jenkins",
      "mode": "managed",
      "type": "aws_s3_bucket",
      "name": "eks-jenkins-backups",
      "provider": "provider[\"registry.terraform.io/hashicorp/aws\"]",
      "instances": [
        {
          "schema_version": 0,
          "attributes": {
            "acceleration_status": "",
            "acl": "private",
            "arn": "arn:aws:s3:::eks-jenkins-backups-aharon",
            "bucket": "eks-jenkins-backups-aharon",
            "bucket_domain_name": "eks-jenkins-backups-aharon.s3.amazonaws.com",
            "bucket_prefix": null,
            "bucket_regional_domain_name": "eks-jenkins-backups-aharon.s3.eu-west-1.amazonaws.com",
            "cors_rule": [],
            "force_destroy": false,
            "grant": [],
            "hosted_zone_id": "Z1BKCTXD74EZPE",
            "id": "eks-jenkins-backups-aharon",
            "lifecycle_rule": [],
            "logging": [],
            "object_lock_configuration": [],
            "policy": null,
            "region": "eu-west-1",
            "replication_configuration": [],
            "request_payer": "BucketOwner",
            "server_side_encryption_configuration": [],
            "tags": {
              "Environment": "Dev",
              "Name": "eks-jenkins-backups-aharon"
            },
            "tags_all": {
              "Environment": "Dev",
              "Name": "eks-jenkins-backups-aharon"
            },
            "versioning": [
              {
                "enabled": false,
                "mfa_delete": false
              }
            ],
            "website": [],
            "website_domain": null,
            "website_endpoint": null
          },
          "sensitive_attributes": [],
          "private": "bnVsbA=="
        }
      ]
    },
    {
      "module": "module.jenkins",
      "mode": "managed",
      "type": "kubernetes_namespace",
      "name": "jenkins",
      "provider": "provider[\"registry.terraform.io/hashicorp/kubernetes\"]",
      "instances": [
        {
          "schema_version": 0,
          "attributes": {
            "id": "jenkins",
            "metadata": [
              {
                "annotations": {
                  "name": "jenkins"
                },
                "generate_name": "",
                "generation": 0,
                "labels": {
                  "mylabel": "jenkins"
                },
                "name": "jenkins",
                "resource_version": "225808",
                "uid": "6fc4c3f9-71e4-427b-8435-1b3a80a4952a"
              }
            ],
            "timeouts": null
          },
          "sensitive_attributes": [],
          "private": "eyJlMmJmYjczMC1lY2FhLTExZTYtOGY4OC0zNDM2M2JjN2M0YzAiOnsiZGVsZXRlIjozMDAwMDAwMDAwMDB9fQ=="
        }
      ]
    },
    {
      "module": "module.k8s-cluster",
      "mode": "data",
      "type": "aws_availability_zones",
      "name": "available",
      "provider": "provider[\"registry.terraform.io/hashicorp/aws\"]",
      "instances": [
        {
          "schema_version": 0,
          "attributes": {
            "all_availability_zones": null,
            "exclude_names": null,
            "exclude_zone_ids": null,
            "filter": null,
            "group_names": [
              "eu-west-1"
            ],
            "id": "eu-west-1",
            "names": [
              "eu-west-1a",
              "eu-west-1b",
              "eu-west-1c"
            ],
            "state": null,
            "zone_ids": [
              "euw1-az3",
              "euw1-az1",
              "euw1-az2"
            ]
          },
          "sensitive_attributes": []
        }
      ]
    },
    {
      "module": "module.k8s-cluster",
      "mode": "data",
      "type": "aws_eks_cluster",
      "name": "cluster",
      "provider": "provider[\"registry.terraform.io/hashicorp/aws\"]",
      "instances": [
        {
          "schema_version": 0,
          "attributes": {
            "arn": "arn:aws:eks:eu-west-1:553686865554:cluster/aharon-eks-26Hbn35f",
            "certificate_authority": [
              {
                "data": "LS0tLS1CRUdJTiBDRVJUSUZJQ0FURS0tLS0tCk1JSUM1ekNDQWMrZ0F3SUJBZ0lCQURBTkJna3Foa2lHOXcwQkFRc0ZBREFWTVJNd0VRWURWUVFERXdwcmRXSmwKY201bGRHVnpNQjRYRFRJeE1EWXlNakl5TVRrMU1Wb1hEVE14TURZeU1ESXlNVGsxTVZvd0ZURVRNQkVHQTFVRQpBeE1LYTNWaVpYSnVaWFJsY3pDQ0FTSXdEUVlKS29aSWh2Y05BUUVCQlFBRGdnRVBBRENDQVFvQ2dnRUJBSjVPCkxPV1BGMXlFNHkzbXFqWlFNSGt1MmhuaHNITUJObDBvdEdRNlpJellla1JPS1ZkcHdYOTArd21WZklySFNqUHQKNFM2STF2T2Y3Njl1ZGZZVEFjV0xnRHA1L1VsNXI4aTB1bUZsWncrVGZrQmRMZmZBMGh0ZWZBclJRS0ZpazlOawpWNDR0UzIzdFdobGVsUzVlQWxFaTVBbytOSUo4eEtQM0FPTENnbVFJS0R5MVpqNzY4aFExQzRRSGlVbmREOW96Cnk2azBIeVN1OGhNVUVVQmNCMVhKbVJKeGxPNVFZTzJtVENMbVBoWkRFWmpSU0lmRTR4Und5dFZJK0kvSmtBRlcKVkJKVFdiN1VtbUlSWklteHYrVFZBVitzUnl0VTBoM285WDZmVlBreXZtV2ZDUVFqaEJicHFhNGsxbTZWNHJENgpyRTF0OUV2aHlNb3NGMFcxYmhjQ0F3RUFBYU5DTUVBd0RnWURWUjBQQVFIL0JBUURBZ0trTUE4R0ExVWRFd0VCCi93UUZNQU1CQWY4d0hRWURWUjBPQkJZRUZBaEtQRnNqc04yQ2VONDRlZGwzcC91dGRDeDdNQTBHQ1NxR1NJYjMKRFFFQkN3VUFBNElCQVFDTVR5QlNibVBsaTAwVmRRMkkwVC8wdGhXWXZoSkFoMjJaTFM1UTlaY1NVbElpdVRGVwpaMmhwa0wrOVA0YnZxa2RvMFpzOFVoY1lrVjExYmhYUmRLT1JGalp2K1lJR1lBMGEwMEh2MTNwSXFwK0tDaExuCk1QalhVdUVYZERGQVV3MDhOb1Vwd1h1VVZ5VkZjWEs0dmpOT2NoTW1VVG55QUw2TXVhYlB6ZTF3aXZWMytUMWMKczhXRWYxMGU5VG1tYmxzZHB2NUpLL2lBa3pjdmZidTlNdUpjcFhLamlPaWQ2UzdiWU1pNEtid2Z5OVlnQmV6VQp6MTVNcWt2eXRPZjZKOUlRUUxGQVE0M0Nhb3o4dWp6QStNVmNNVTg2QWM3RFBiVzVDQ05xYWFmaGQwMndOTFNvCmdGT1c3MlJueWlsOVBCcGNCbVg2Nzl2enRvM3haNmY3Y2YwKwotLS0tLUVORCBDRVJUSUZJQ0FURS0tLS0tCg=="
              }
            ],
            "created_at": "2021-06-22 22:12:46.379 +0000 UTC",
            "enabled_cluster_log_types": [],
            "endpoint": "https://CF15F0ED16B33517474A61880BEE386F.gr7.eu-west-1.eks.amazonaws.com",
            "id": "aharon-eks-26Hbn35f",
            "identity": [
              {
                "oidc": [
                  {
                    "issuer": "https://oidc.eks.eu-west-1.amazonaws.com/id/CF15F0ED16B33517474A61880BEE386F"
                  }
                ]
              }
            ],
            "kubernetes_network_config": [
              {
                "service_ipv4_cidr": "172.20.0.0/16"
              }
            ],
            "name": "aharon-eks-26Hbn35f",
            "platform_version": "eks.5",
            "role_arn": "arn:aws:iam::553686865554:role/aharon-eks-26Hbn35f20210622221221757600000002",
            "status": "ACTIVE",
            "tags": {
              "Environment": "aharon-demo"
            },
            "version": "1.19",
            "vpc_config": [
              {
                "cluster_security_group_id": "sg-0d227bdbc09370dd3",
                "endpoint_private_access": false,
                "endpoint_public_access": true,
                "public_access_cidrs": [
                  "0.0.0.0/0"
                ],
                "security_group_ids": [
                  "sg-0e0324ed242a6265b"
                ],
                "subnet_ids": [
                  "subnet-00b9bda1b67aa6984",
                  "subnet-04193b509db81e383",
                  "subnet-0dbc579d2434825f3"
                ],
                "vpc_id": "vpc-011bb222aeb9669c2"
              }
            ]
          },
          "sensitive_attributes": []
        }
      ]
    },
    {
      "module": "module.k8s-cluster",
      "mode": "data",
      "type": "aws_eks_cluster_auth",
      "name": "cluster",
      "provider": "provider[\"registry.terraform.io/hashicorp/aws\"]",
      "instances": [
        {
          "schema_version": 0,
          "attributes": {
            "id": "aharon-eks-26Hbn35f",
            "name": "aharon-eks-26Hbn35f",
            "token": "k8s-aws-v1.aHR0cHM6Ly9zdHMuYW1hem9uYXdzLmNvbS8_QWN0aW9uPUdldENhbGxlcklkZW50aXR5JlZlcnNpb249MjAxMS0wNi0xNSZYLUFtei1BbGdvcml0aG09QVdTNC1ITUFDLVNIQTI1NiZYLUFtei1DcmVkZW50aWFsPUFLSUFZQjJTUEMySlBISExNUVAyJTJGMjAyMTA2MjMlMkZ1cy1lYXN0LTElMkZzdHMlMkZhd3M0X3JlcXVlc3QmWC1BbXotRGF0ZT0yMDIxMDYyM1QxOTQzNDNaJlgtQW16LUV4cGlyZXM9MCZYLUFtei1TaWduZWRIZWFkZXJzPWhvc3QlM0J4LWs4cy1hd3MtaWQmWC1BbXotU2lnbmF0dXJlPWUzM2FlNmIxZjI1OWRmY2Y4OTcyMWE3MGU0MmFkZjU1YzNkYTNhZWU4ODNmYWE5NTUyODUxMjY3YzY0MThmMzc"
          },
          "sensitive_attributes": []
        }
      ]
    },
    {
      "module": "module.k8s-cluster",
      "mode": "managed",
      "type": "aws_security_group",
      "name": "all_worker_mgmt",
      "provider": "provider[\"registry.terraform.io/hashicorp/aws\"]",
      "instances": [
        {
          "schema_version": 1,
          "attributes": {
            "arn": "arn:aws:ec2:eu-west-1:553686865554:security-group/sg-0b62fd12b89e57e37",
            "description": "Managed by Terraform",
            "egress": [],
            "id": "sg-0b62fd12b89e57e37",
            "ingress": [
              {
                "cidr_blocks": [
                  "10.0.0.0/8",
                  "172.16.0.0/12",
                  "192.168.0.0/16"
                ],
                "description": "",
                "from_port": 22,
                "ipv6_cidr_blocks": [],
                "prefix_list_ids": [],
                "protocol": "tcp",
                "security_groups": [],
                "self": false,
                "to_port": 22
              }
            ],
            "name": "all_worker_management20210622221238546600000009",
            "name_prefix": "all_worker_management",
            "owner_id": "553686865554",
            "revoke_rules_on_delete": false,
            "tags": {},
            "tags_all": {},
            "timeouts": null,
            "vpc_id": "vpc-011bb222aeb9669c2"
          },
          "sensitive_attributes": [],
          "private": "eyJlMmJmYjczMC1lY2FhLTExZTYtOGY4OC0zNDM2M2JjN2M0YzAiOnsiY3JlYXRlIjo2MDAwMDAwMDAwMDAsImRlbGV0ZSI6OTAwMDAwMDAwMDAwfSwic2NoZW1hX3ZlcnNpb24iOiIxIn0=",
          "dependencies": [
            "module.k8s-cluster.module.vpc.aws_vpc.this",
            "module.k8s-cluster.random_string.suffix"
          ]
        }
      ]
    },
    {
      "module": "module.k8s-cluster",
      "mode": "managed",
      "type": "aws_security_group",
      "name": "worker_group_mgmt_one",
      "provider": "provider[\"registry.terraform.io/hashicorp/aws\"]",
      "instances": [
        {
          "schema_version": 1,
          "attributes": {
            "arn": "arn:aws:ec2:eu-west-1:553686865554:security-group/sg-07ca5d86392822fd9",
            "description": "Managed by Terraform",
            "egress": [],
            "id": "sg-07ca5d86392822fd9",
            "ingress": [
              {
                "cidr_blocks": [
                  "10.0.0.0/8"
                ],
                "description": "",
                "from_port": 22,
                "ipv6_cidr_blocks": [],
                "prefix_list_ids": [],
                "protocol": "tcp",
                "security_groups": [],
                "self": false,
                "to_port": 22
              }
            ],
            "name": "worker_group_mgmt_one20210622221237279000000008",
            "name_prefix": "worker_group_mgmt_one",
            "owner_id": "553686865554",
            "revoke_rules_on_delete": false,
            "tags": {},
            "tags_all": {},
            "timeouts": null,
            "vpc_id": "vpc-011bb222aeb9669c2"
          },
          "sensitive_attributes": [],
          "private": "eyJlMmJmYjczMC1lY2FhLTExZTYtOGY4OC0zNDM2M2JjN2M0YzAiOnsiY3JlYXRlIjo2MDAwMDAwMDAwMDAsImRlbGV0ZSI6OTAwMDAwMDAwMDAwfSwic2NoZW1hX3ZlcnNpb24iOiIxIn0=",
          "dependencies": [
            "module.k8s-cluster.module.vpc.aws_vpc.this",
            "module.k8s-cluster.random_string.suffix"
          ],
          "create_before_destroy": true
        }
      ]
    },
    {
      "module": "module.k8s-cluster",
      "mode": "managed",
      "type": "aws_security_group",
      "name": "worker_group_mgmt_two",
      "provider": "provider[\"registry.terraform.io/hashicorp/aws\"]",
      "instances": [
        {
          "schema_version": 1,
          "attributes": {
            "arn": "arn:aws:ec2:eu-west-1:553686865554:security-group/sg-02402ff3f0fce3d36",
            "description": "Managed by Terraform",
            "egress": [],
            "id": "sg-02402ff3f0fce3d36",
            "ingress": [
              {
                "cidr_blocks": [
                  "192.168.0.0/16"
                ],
                "description": "",
                "from_port": 22,
                "ipv6_cidr_blocks": [],
                "prefix_list_ids": [],
                "protocol": "tcp",
                "security_groups": [],
                "self": false,
                "to_port": 22
              }
            ],
            "name": "worker_group_mgmt_two20210622221237252400000007",
            "name_prefix": "worker_group_mgmt_two",
            "owner_id": "553686865554",
            "revoke_rules_on_delete": false,
            "tags": {},
            "tags_all": {},
            "timeouts": null,
            "vpc_id": "vpc-011bb222aeb9669c2"
          },
          "sensitive_attributes": [],
          "private": "eyJlMmJmYjczMC1lY2FhLTExZTYtOGY4OC0zNDM2M2JjN2M0YzAiOnsiY3JlYXRlIjo2MDAwMDAwMDAwMDAsImRlbGV0ZSI6OTAwMDAwMDAwMDAwfSwic2NoZW1hX3ZlcnNpb24iOiIxIn0=",
          "dependencies": [
            "module.k8s-cluster.random_string.suffix",
            "module.k8s-cluster.module.vpc.aws_vpc.this"
          ],
          "create_before_destroy": true
        }
      ]
    },
    {
      "module": "module.k8s-cluster",
      "mode": "managed",
      "type": "random_string",
      "name": "suffix",
      "provider": "provider[\"registry.terraform.io/hashicorp/random\"]",
      "instances": [
        {
          "schema_version": 1,
          "attributes": {
            "id": "26Hbn35f",
            "keepers": null,
            "length": 8,
            "lower": true,
            "min_lower": 0,
            "min_numeric": 0,
            "min_special": 0,
            "min_upper": 0,
            "number": true,
            "override_special": null,
            "result": "26Hbn35f",
            "special": false,
            "upper": true
          },
          "sensitive_attributes": [],
          "private": "eyJzY2hlbWFfdmVyc2lvbiI6IjEifQ==",
          "create_before_destroy": true
        }
      ]
    },
    {
      "module": "module.k8s-cluster.module.eks",
      "mode": "data",
      "type": "aws_ami",
      "name": "eks_worker",
      "provider": "provider[\"registry.terraform.io/hashicorp/aws\"]",
      "instances": [
        {
          "index_key": 0,
          "schema_version": 0,
          "attributes": {
            "architecture": "x86_64",
            "arn": "arn:aws:ec2:eu-west-1::image/ami-08adae443f6a2b4f6",
            "block_device_mappings": [
              {
                "device_name": "/dev/xvda",
                "ebs": {
                  "delete_on_termination": "true",
                  "encrypted": "false",
                  "iops": "0",
                  "snapshot_id": "snap-0a932ec876b385349",
                  "throughput": "0",
                  "volume_size": "20",
                  "volume_type": "gp2"
                },
                "no_device": "",
                "virtual_name": ""
              }
            ],
            "creation_date": "2021-05-26T22:51:58.000Z",
            "description": "EKS Kubernetes Worker AMI with AmazonLinux2 image, (k8s: 1.19.6, docker: 19.03.13ce-1.amzn2, containerd: 1.4.1-2.amzn2)",
            "ena_support": true,
            "executable_users": null,
            "filter": [
              {
                "name": "name",
                "values": [
                  "amazon-eks-node-1.19-v*"
                ]
              }
            ],
            "hypervisor": "xen",
            "id": "ami-08adae443f6a2b4f6",
            "image_id": "ami-08adae443f6a2b4f6",
            "image_location": "amazon/amazon-eks-node-1.19-v20210526",
            "image_owner_alias": "amazon",
            "image_type": "machine",
            "kernel_id": null,
            "most_recent": true,
            "name": "amazon-eks-node-1.19-v20210526",
            "name_regex": null,
            "owner_id": "602401143452",
            "owners": [
              "amazon"
            ],
            "platform": null,
            "platform_details": "Linux/UNIX",
            "product_codes": [],
            "public": true,
            "ramdisk_id": null,
            "root_device_name": "/dev/xvda",
            "root_device_type": "ebs",
            "root_snapshot_id": "snap-0a932ec876b385349",
            "sriov_net_support": "simple",
            "state": "available",
            "state_reason": {
              "code": "UNSET",
              "message": "UNSET"
            },
            "tags": {},
            "usage_operation": "RunInstances",
            "virtualization_type": "hvm"
          },
          "sensitive_attributes": []
        }
      ]
    },
    {
      "module": "module.k8s-cluster.module.eks",
      "mode": "data",
      "type": "aws_caller_identity",
      "name": "current",
      "provider": "provider[\"registry.terraform.io/hashicorp/aws\"]",
      "instances": [
        {
          "schema_version": 0,
          "attributes": {
            "account_id": "553686865554",
            "arn": "arn:aws:iam::553686865554:user/aharon.nadav",
            "id": "553686865554",
            "user_id": "AIDAYB2SPC2JDVJPNOPOY"
          },
          "sensitive_attributes": []
        }
      ]
    },
    {
      "module": "module.k8s-cluster.module.eks",
      "mode": "data",
      "type": "aws_iam_policy_document",
      "name": "cluster_assume_role_policy",
      "provider": "provider[\"registry.terraform.io/hashicorp/aws\"]",
      "instances": [
        {
          "schema_version": 0,
          "attributes": {
            "id": "2764486067",
            "json": "{\n  \"Version\": \"2012-10-17\",\n  \"Statement\": [\n    {\n      \"Sid\": \"EKSClusterAssumeRole\",\n      \"Effect\": \"Allow\",\n      \"Action\": \"sts:AssumeRole\",\n      \"Principal\": {\n        \"Service\": \"eks.amazonaws.com\"\n      }\n    }\n  ]\n}",
            "override_json": null,
            "override_policy_documents": null,
            "policy_id": null,
            "source_json": null,
            "source_policy_documents": null,
            "statement": [
              {
                "actions": [
                  "sts:AssumeRole"
                ],
                "condition": [],
                "effect": "Allow",
                "not_actions": [],
                "not_principals": [],
                "not_resources": [],
                "principals": [
                  {
                    "identifiers": [
                      "eks.amazonaws.com"
                    ],
                    "type": "Service"
                  }
                ],
                "resources": [],
                "sid": "EKSClusterAssumeRole"
              }
            ],
            "version": "2012-10-17"
          },
          "sensitive_attributes": []
        }
      ]
    },
    {
      "module": "module.k8s-cluster.module.eks",
      "mode": "data",
      "type": "aws_iam_policy_document",
      "name": "cluster_elb_sl_role_creation",
      "provider": "provider[\"registry.terraform.io/hashicorp/aws\"]",
      "instances": [
        {
          "index_key": 0,
          "schema_version": 0,
          "attributes": {
            "id": "3709839417",
            "json": "{\n  \"Version\": \"2012-10-17\",\n  \"Statement\": [\n    {\n      \"Sid\": \"\",\n      \"Effect\": \"Allow\",\n      \"Action\": [\n        \"ec2:DescribeInternetGateways\",\n        \"ec2:DescribeAddresses\",\n        \"ec2:DescribeAccountAttributes\"\n      ],\n      \"Resource\": \"*\"\n    }\n  ]\n}",
            "override_json": null,
            "override_policy_documents": null,
            "policy_id": null,
            "source_json": null,
            "source_policy_documents": null,
            "statement": [
              {
                "actions": [
                  "ec2:DescribeAccountAttributes",
                  "ec2:DescribeAddresses",
                  "ec2:DescribeInternetGateways"
                ],
                "condition": [],
                "effect": "Allow",
                "not_actions": [],
                "not_principals": [],
                "not_resources": [],
                "principals": [],
                "resources": [
                  "*"
                ],
                "sid": ""
              }
            ],
            "version": "2012-10-17"
          },
          "sensitive_attributes": []
        }
      ]
    },
    {
      "module": "module.k8s-cluster.module.eks",
      "mode": "data",
      "type": "aws_iam_policy_document",
      "name": "workers_assume_role_policy",
      "provider": "provider[\"registry.terraform.io/hashicorp/aws\"]",
      "instances": [
        {
          "schema_version": 0,
          "attributes": {
            "id": "3778018924",
            "json": "{\n  \"Version\": \"2012-10-17\",\n  \"Statement\": [\n    {\n      \"Sid\": \"EKSWorkerAssumeRole\",\n      \"Effect\": \"Allow\",\n      \"Action\": \"sts:AssumeRole\",\n      \"Principal\": {\n        \"Service\": \"ec2.amazonaws.com\"\n      }\n    }\n  ]\n}",
            "override_json": null,
            "override_policy_documents": null,
            "policy_id": null,
            "source_json": null,
            "source_policy_documents": null,
            "statement": [
              {
                "actions": [
                  "sts:AssumeRole"
                ],
                "condition": [],
                "effect": "Allow",
                "not_actions": [],
                "not_principals": [],
                "not_resources": [],
                "principals": [
                  {
                    "identifiers": [
                      "ec2.amazonaws.com"
                    ],
                    "type": "Service"
                  }
                ],
                "resources": [],
                "sid": "EKSWorkerAssumeRole"
              }
            ],
            "version": "2012-10-17"
          },
          "sensitive_attributes": []
        }
      ]
    },
    {
      "module": "module.k8s-cluster.module.eks",
      "mode": "data",
      "type": "aws_partition",
      "name": "current",
      "provider": "provider[\"registry.terraform.io/hashicorp/aws\"]",
      "instances": [
        {
          "schema_version": 0,
          "attributes": {
            "dns_suffix": "amazonaws.com",
            "id": "aws",
            "partition": "aws",
            "reverse_dns_prefix": "com.amazonaws"
          },
          "sensitive_attributes": []
        }
      ]
    },
    {
      "module": "module.k8s-cluster.module.eks",
      "mode": "data",
      "type": "http",
      "name": "wait_for_cluster",
      "provider": "provider[\"registry.terraform.io/terraform-aws-modules/http\"]",
      "instances": [
        {
          "index_key": 0,
          "schema_version": 0,
          "attributes": {
            "body": "ok",
            "ca_certificate": "-----BEGIN CERTIFICATE-----\nMIIC5zCCAc+gAwIBAgIBADANBgkqhkiG9w0BAQsFADAVMRMwEQYDVQQDEwprdWJl\ncm5ldGVzMB4XDTIxMDYyMjIyMTk1MVoXDTMxMDYyMDIyMTk1MVowFTETMBEGA1UE\nAxMKa3ViZXJuZXRlczCCASIwDQYJKoZIhvcNAQEBBQADggEPADCCAQoCggEBAJ5O\nLOWPF1yE4y3mqjZQMHku2hnhsHMBNl0otGQ6ZIzYekROKVdpwX90+wmVfIrHSjPt\n4S6I1vOf769udfYTAcWLgDp5/Ul5r8i0umFlZw+TfkBdLffA0htefArRQKFik9Nk\nV44tS23tWhlelS5eAlEi5Ao+NIJ8xKP3AOLCgmQIKDy1Zj768hQ1C4QHiUndD9oz\ny6k0HySu8hMUEUBcB1XJmRJxlO5QYO2mTCLmPhZDEZjRSIfE4xRwytVI+I/JkAFW\nVBJTWb7UmmIRZImxv+TVAV+sRytU0h3o9X6fVPkyvmWfCQQjhBbpqa4k1m6V4rD6\nrE1t9EvhyMosF0W1bhcCAwEAAaNCMEAwDgYDVR0PAQH/BAQDAgKkMA8GA1UdEwEB\n/wQFMAMBAf8wHQYDVR0OBBYEFAhKPFsjsN2CeN44edl3p/utdCx7MA0GCSqGSIb3\nDQEBCwUAA4IBAQCMTyBSbmPli00VdQ2I0T/0thWYvhJAh22ZLS5Q9ZcSUlIiuTFW\nZ2hpkL+9P4bvqkdo0Zs8UhcYkV11bhXRdKORFjZv+YIGYA0a00Hv13pIqp+KChLn\nMPjXUuEXdDFAUw08NoUpwXuUVyVFcXK4vjNOchMmUTnyAL6MuabPze1wivV3+T1c\ns8WEf10e9Tmmblsdpv5JK/iAkzcvfbu9MuJcpXKjiOid6S7bYMi4Kbwfy9YgBezU\nz15MqkvytOf6J9IQQLFAQ43Caoz8ujzA+MVcMU86Ac7DPbW5CCNqaafhd02wNLSo\ngFOW72Rnyil9PBpcBmX679vzto3xZ6f7cf0+\n-----END CERTIFICATE-----\n",
            "id": "https://CF15F0ED16B33517474A61880BEE386F.gr7.eu-west-1.eks.amazonaws.com/healthz",
            "insecure": false,
            "request_headers": null,
            "response_headers": {
              "Cache-Control": "no-cache, private",
              "Content-Length": "2",
              "Content-Type": "text/plain; charset=utf-8",
              "Date": "Wed, 23 Jun 2021 19:43:43 GMT",
              "X-Content-Type-Options": "nosniff"
            },
            "timeout": 300,
            "url": "https://CF15F0ED16B33517474A61880BEE386F.gr7.eu-west-1.eks.amazonaws.com/healthz"
          },
          "sensitive_attributes": []
        }
      ]
    },
    {
      "module": "module.k8s-cluster.module.eks",
      "mode": "managed",
      "type": "aws_autoscaling_group",
      "name": "workers",
      "provider": "provider[\"registry.terraform.io/hashicorp/aws\"]",
      "instances": [
        {
          "index_key": 0,
          "schema_version": 0,
          "attributes": {
            "arn": "arn:aws:autoscaling:eu-west-1:553686865554:autoScalingGroup:85e0201a-89d0-4cdc-8dd3-b9a402f62717:autoScalingGroupName/aharon-eks-26Hbn35f-worker-group-120210622222407465400000014",
            "availability_zones": [
              "eu-west-1a",
              "eu-west-1b",
              "eu-west-1c"
            ],
            "capacity_rebalance": false,
            "default_cooldown": 300,
            "desired_capacity": 2,
            "enabled_metrics": [],
            "force_delete": false,
            "force_delete_warm_pool": false,
            "health_check_grace_period": 300,
            "health_check_type": "EC2",
            "id": "aharon-eks-26Hbn35f-worker-group-120210622222407465400000014",
            "initial_lifecycle_hook": [],
            "instance_refresh": [],
            "launch_configuration": "aharon-eks-26Hbn35f-worker-group-120210622222404542900000012",
            "launch_template": [],
            "load_balancers": [],
            "max_instance_lifetime": 0,
            "max_size": 3,
            "metrics_granularity": "1Minute",
            "min_elb_capacity": null,
            "min_size": 1,
            "mixed_instances_policy": [],
            "name": "aharon-eks-26Hbn35f-worker-group-120210622222407465400000014",
            "name_prefix": "aharon-eks-26Hbn35f-worker-group-1",
            "placement_group": "",
            "protect_from_scale_in": false,
            "service_linked_role_arn": "arn:aws:iam::553686865554:role/aws-service-role/autoscaling.amazonaws.com/AWSServiceRoleForAutoScaling",
            "suspended_processes": [
              "AZRebalance"
            ],
            "tag": [
              {
                "key": "Environment",
                "propagate_at_launch": true,
                "value": "aharon-demo"
              },
              {
                "key": "Name",
                "propagate_at_launch": true,
                "value": "aharon-eks-26Hbn35f-worker-group-1-eks_asg"
              },
              {
                "key": "k8s.io/cluster/aharon-eks-26Hbn35f",
                "propagate_at_launch": true,
                "value": "owned"
              },
              {
                "key": "kubernetes.io/cluster/aharon-eks-26Hbn35f",
                "propagate_at_launch": true,
                "value": "owned"
              }
            ],
            "tags": null,
            "target_group_arns": [],
            "termination_policies": [],
            "timeouts": null,
            "vpc_zone_identifier": [
              "subnet-00b9bda1b67aa6984",
              "subnet-04193b509db81e383",
              "subnet-0dbc579d2434825f3"
            ],
            "wait_for_capacity_timeout": "10m",
            "wait_for_elb_capacity": null,
            "warm_pool": []
          },
          "sensitive_attributes": [],
          "private": "eyJlMmJmYjczMC1lY2FhLTExZTYtOGY4OC0zNDM2M2JjN2M0YzAiOnsiZGVsZXRlIjo2MDAwMDAwMDAwMDB9fQ==",
          "dependencies": [
            "module.k8s-cluster.module.eks.data.aws_partition.current",
            "module.k8s-cluster.module.eks.aws_iam_role_policy_attachment.cluster_AmazonEKSClusterPolicy",
            "module.k8s-cluster.module.eks.aws_security_group_rule.workers_ingress_cluster",
            "module.k8s-cluster.module.eks.aws_security_group_rule.workers_ingress_self",
            "module.k8s-cluster.module.eks.aws_security_group_rule.workers_egress_internet",
            "module.k8s-cluster.module.eks.aws_security_group_rule.workers_ingress_cluster_https",
            "module.k8s-cluster.module.eks.data.aws_iam_policy_document.cluster_assume_role_policy",
            "module.k8s-cluster.module.vpc.aws_vpc.this",
            "module.k8s-cluster.module.eks.aws_launch_configuration.workers",
            "module.k8s-cluster.module.eks.aws_security_group_rule.cluster_egress_internet",
            "module.k8s-cluster.module.eks.aws_security_group_rule.cluster_primary_ingress_workers",
            "module.k8s-cluster.module.eks.data.aws_iam_policy_document.workers_assume_role_policy",
            "module.k8s-cluster.random_string.suffix",
            "module.k8s-cluster.module.eks.aws_iam_role_policy_attachment.cluster_AmazonEKSServicePolicy",
            "module.k8s-cluster.module.eks.aws_security_group.cluster",
            "module.k8s-cluster.module.eks.data.aws_iam_instance_profile.custom_worker_group_iam_instance_profile",
            "module.k8s-cluster.module.eks.data.aws_ami.eks_worker_windows",
            "module.k8s-cluster.module.eks.data.aws_iam_role.custom_cluster_iam_role",
            "module.k8s-cluster.data.aws_availability_zones.available",
            "module.k8s-cluster.module.eks.aws_iam_instance_profile.workers",
            "module.k8s-cluster.module.eks.data.aws_ami.eks_worker",
            "module.k8s-cluster.module.eks.aws_security_group.workers",
            "module.k8s-cluster.aws_security_group.worker_group_mgmt_one",
            "module.k8s-cluster.module.eks.aws_cloudwatch_log_group.this",
            "module.k8s-cluster.module.eks.aws_iam_role_policy_attachment.workers_AmazonEC2ContainerRegistryReadOnly",
            "module.k8s-cluster.aws_security_group.worker_group_mgmt_two",
            "module.k8s-cluster.module.eks.aws_security_group_rule.workers_ingress_cluster_kubelet",
            "module.k8s-cluster.module.vpc.aws_vpc_ipv4_cidr_block_association.this",
            "module.k8s-cluster.module.eks.aws_iam_role_policy_attachment.workers_AmazonEKSWorkerNodePolicy",
            "module.k8s-cluster.module.eks.aws_iam_role_policy_attachment.workers_AmazonEKS_CNI_Policy",
            "module.k8s-cluster.module.eks.aws_iam_role_policy_attachment.workers_additional_policies",
            "module.k8s-cluster.module.eks.aws_iam_role.cluster",
            "module.k8s-cluster.module.eks.aws_iam_role.workers",
            "module.k8s-cluster.module.eks.aws_iam_role_policy_attachment.cluster_AmazonEKSVPCResourceControllerPolicy",
            "module.k8s-cluster.module.vpc.aws_subnet.private",
            "module.k8s-cluster.module.eks.aws_eks_cluster.this",
            "module.k8s-cluster.module.eks.aws_security_group_rule.cluster_https_worker_ingress",
            "module.k8s-cluster.module.eks.aws_security_group_rule.workers_ingress_cluster_primary"
          ],
          "create_before_destroy": true
        },
        {
          "index_key": 1,
          "schema_version": 0,
          "attributes": {
            "arn": "arn:aws:autoscaling:eu-west-1:553686865554:autoScalingGroup:624cf096-1e6d-436b-95a5-1659cc8022ee:autoScalingGroupName/aharon-eks-26Hbn35f-worker-group-220210622222407515300000015",
            "availability_zones": [
              "eu-west-1a",
              "eu-west-1b",
              "eu-west-1c"
            ],
            "capacity_rebalance": false,
            "default_cooldown": 300,
            "desired_capacity": 1,
            "enabled_metrics": [],
            "force_delete": false,
            "force_delete_warm_pool": false,
            "health_check_grace_period": 300,
            "health_check_type": "EC2",
            "id": "aharon-eks-26Hbn35f-worker-group-220210622222407515300000015",
            "initial_lifecycle_hook": [],
            "instance_refresh": [],
            "launch_configuration": "aharon-eks-26Hbn35f-worker-group-220210622222404543100000013",
            "launch_template": [],
            "load_balancers": [],
            "max_instance_lifetime": 0,
            "max_size": 3,
            "metrics_granularity": "1Minute",
            "min_elb_capacity": null,
            "min_size": 1,
            "mixed_instances_policy": [],
            "name": "aharon-eks-26Hbn35f-worker-group-220210622222407515300000015",
            "name_prefix": "aharon-eks-26Hbn35f-worker-group-2",
            "placement_group": "",
            "protect_from_scale_in": false,
            "service_linked_role_arn": "arn:aws:iam::553686865554:role/aws-service-role/autoscaling.amazonaws.com/AWSServiceRoleForAutoScaling",
            "suspended_processes": [
              "AZRebalance"
            ],
            "tag": [
              {
                "key": "Environment",
                "propagate_at_launch": true,
                "value": "aharon-demo"
              },
              {
                "key": "Name",
                "propagate_at_launch": true,
                "value": "aharon-eks-26Hbn35f-worker-group-2-eks_asg"
              },
              {
                "key": "k8s.io/cluster/aharon-eks-26Hbn35f",
                "propagate_at_launch": true,
                "value": "owned"
              },
              {
                "key": "kubernetes.io/cluster/aharon-eks-26Hbn35f",
                "propagate_at_launch": true,
                "value": "owned"
              }
            ],
            "tags": null,
            "target_group_arns": [],
            "termination_policies": [],
            "timeouts": null,
            "vpc_zone_identifier": [
              "subnet-00b9bda1b67aa6984",
              "subnet-04193b509db81e383",
              "subnet-0dbc579d2434825f3"
            ],
            "wait_for_capacity_timeout": "10m",
            "wait_for_elb_capacity": null,
            "warm_pool": []
          },
          "sensitive_attributes": [],
          "private": "eyJlMmJmYjczMC1lY2FhLTExZTYtOGY4OC0zNDM2M2JjN2M0YzAiOnsiZGVsZXRlIjo2MDAwMDAwMDAwMDB9fQ==",
          "dependencies": [
            "module.k8s-cluster.module.eks.aws_iam_role_policy_attachment.workers_AmazonEKSWorkerNodePolicy",
            "module.k8s-cluster.module.eks.aws_iam_role_policy_attachment.workers_AmazonEKS_CNI_Policy",
            "module.k8s-cluster.module.eks.data.aws_iam_policy_document.workers_assume_role_policy",
            "module.k8s-cluster.module.eks.aws_iam_role_policy_attachment.cluster_AmazonEKSVPCResourceControllerPolicy",
            "module.k8s-cluster.module.eks.aws_security_group_rule.workers_egress_internet",
            "module.k8s-cluster.module.eks.aws_security_group_rule.workers_ingress_cluster",
            "module.k8s-cluster.module.vpc.aws_vpc.this",
            "module.k8s-cluster.module.eks.aws_iam_role.workers",
            "module.k8s-cluster.module.eks.aws_launch_configuration.workers",
            "module.k8s-cluster.module.eks.aws_security_group_rule.cluster_egress_internet",
            "module.k8s-cluster.module.eks.aws_security_group_rule.workers_ingress_cluster_kubelet",
            "module.k8s-cluster.module.eks.data.aws_ami.eks_worker",
            "module.k8s-cluster.module.eks.data.aws_iam_policy_document.cluster_assume_role_policy",
            "module.k8s-cluster.module.eks.data.aws_iam_role.custom_cluster_iam_role",
            "module.k8s-cluster.module.eks.data.aws_partition.current",
            "module.k8s-cluster.module.vpc.aws_vpc_ipv4_cidr_block_association.this",
            "module.k8s-cluster.aws_security_group.worker_group_mgmt_one",
            "module.k8s-cluster.module.eks.aws_iam_role_policy_attachment.workers_AmazonEC2ContainerRegistryReadOnly",
            "module.k8s-cluster.module.eks.aws_security_group.workers",
            "module.k8s-cluster.module.eks.aws_security_group_rule.workers_ingress_cluster_primary",
            "module.k8s-cluster.random_string.suffix",
            "module.k8s-cluster.module.eks.aws_eks_cluster.this",
            "module.k8s-cluster.module.eks.aws_iam_role_policy_attachment.workers_additional_policies",
            "module.k8s-cluster.module.eks.aws_security_group_rule.workers_ingress_self",
            "module.k8s-cluster.module.eks.aws_cloudwatch_log_group.this",
            "module.k8s-cluster.module.eks.aws_iam_role_policy_attachment.cluster_AmazonEKSClusterPolicy",
            "module.k8s-cluster.module.eks.aws_security_group_rule.cluster_primary_ingress_workers",
            "module.k8s-cluster.aws_security_group.worker_group_mgmt_two",
            "module.k8s-cluster.module.eks.aws_iam_instance_profile.workers",
            "module.k8s-cluster.module.eks.aws_security_group_rule.cluster_https_worker_ingress",
            "module.k8s-cluster.module.vpc.aws_subnet.private",
            "module.k8s-cluster.data.aws_availability_zones.available",
            "module.k8s-cluster.module.eks.aws_iam_role.cluster",
            "module.k8s-cluster.module.eks.aws_iam_role_policy_attachment.cluster_AmazonEKSServicePolicy",
            "module.k8s-cluster.module.eks.aws_security_group.cluster",
            "module.k8s-cluster.module.eks.aws_security_group_rule.workers_ingress_cluster_https",
            "module.k8s-cluster.module.eks.data.aws_ami.eks_worker_windows",
            "module.k8s-cluster.module.eks.data.aws_iam_instance_profile.custom_worker_group_iam_instance_profile"
          ],
          "create_before_destroy": true
        }
      ]
    },
    {
      "module": "module.k8s-cluster.module.eks",
      "mode": "managed",
      "type": "aws_eks_cluster",
      "name": "this",
      "provider": "provider[\"registry.terraform.io/hashicorp/aws\"]",
      "instances": [
        {
          "index_key": 0,
          "schema_version": 0,
          "attributes": {
            "arn": "arn:aws:eks:eu-west-1:553686865554:cluster/aharon-eks-26Hbn35f",
            "certificate_authority": [
              {
                "data": "LS0tLS1CRUdJTiBDRVJUSUZJQ0FURS0tLS0tCk1JSUM1ekNDQWMrZ0F3SUJBZ0lCQURBTkJna3Foa2lHOXcwQkFRc0ZBREFWTVJNd0VRWURWUVFERXdwcmRXSmwKY201bGRHVnpNQjRYRFRJeE1EWXlNakl5TVRrMU1Wb1hEVE14TURZeU1ESXlNVGsxTVZvd0ZURVRNQkVHQTFVRQpBeE1LYTNWaVpYSnVaWFJsY3pDQ0FTSXdEUVlKS29aSWh2Y05BUUVCQlFBRGdnRVBBRENDQVFvQ2dnRUJBSjVPCkxPV1BGMXlFNHkzbXFqWlFNSGt1MmhuaHNITUJObDBvdEdRNlpJellla1JPS1ZkcHdYOTArd21WZklySFNqUHQKNFM2STF2T2Y3Njl1ZGZZVEFjV0xnRHA1L1VsNXI4aTB1bUZsWncrVGZrQmRMZmZBMGh0ZWZBclJRS0ZpazlOawpWNDR0UzIzdFdobGVsUzVlQWxFaTVBbytOSUo4eEtQM0FPTENnbVFJS0R5MVpqNzY4aFExQzRRSGlVbmREOW96Cnk2azBIeVN1OGhNVUVVQmNCMVhKbVJKeGxPNVFZTzJtVENMbVBoWkRFWmpSU0lmRTR4Und5dFZJK0kvSmtBRlcKVkJKVFdiN1VtbUlSWklteHYrVFZBVitzUnl0VTBoM285WDZmVlBreXZtV2ZDUVFqaEJicHFhNGsxbTZWNHJENgpyRTF0OUV2aHlNb3NGMFcxYmhjQ0F3RUFBYU5DTUVBd0RnWURWUjBQQVFIL0JBUURBZ0trTUE4R0ExVWRFd0VCCi93UUZNQU1CQWY4d0hRWURWUjBPQkJZRUZBaEtQRnNqc04yQ2VONDRlZGwzcC91dGRDeDdNQTBHQ1NxR1NJYjMKRFFFQkN3VUFBNElCQVFDTVR5QlNibVBsaTAwVmRRMkkwVC8wdGhXWXZoSkFoMjJaTFM1UTlaY1NVbElpdVRGVwpaMmhwa0wrOVA0YnZxa2RvMFpzOFVoY1lrVjExYmhYUmRLT1JGalp2K1lJR1lBMGEwMEh2MTNwSXFwK0tDaExuCk1QalhVdUVYZERGQVV3MDhOb1Vwd1h1VVZ5VkZjWEs0dmpOT2NoTW1VVG55QUw2TXVhYlB6ZTF3aXZWMytUMWMKczhXRWYxMGU5VG1tYmxzZHB2NUpLL2lBa3pjdmZidTlNdUpjcFhLamlPaWQ2UzdiWU1pNEtid2Z5OVlnQmV6VQp6MTVNcWt2eXRPZjZKOUlRUUxGQVE0M0Nhb3o4dWp6QStNVmNNVTg2QWM3RFBiVzVDQ05xYWFmaGQwMndOTFNvCmdGT1c3MlJueWlsOVBCcGNCbVg2Nzl2enRvM3haNmY3Y2YwKwotLS0tLUVORCBDRVJUSUZJQ0FURS0tLS0tCg=="
              }
            ],
            "created_at": "2021-06-22 22:12:46.379 +0000 UTC",
            "enabled_cluster_log_types": [],
            "encryption_config": [],
            "endpoint": "https://CF15F0ED16B33517474A61880BEE386F.gr7.eu-west-1.eks.amazonaws.com",
            "id": "aharon-eks-26Hbn35f",
            "identity": [
              {
                "oidc": [
                  {
                    "issuer": "https://oidc.eks.eu-west-1.amazonaws.com/id/CF15F0ED16B33517474A61880BEE386F"
                  }
                ]
              }
            ],
            "kubernetes_network_config": [
              {
                "service_ipv4_cidr": "172.20.0.0/16"
              }
            ],
            "name": "aharon-eks-26Hbn35f",
            "platform_version": "eks.5",
            "role_arn": "arn:aws:iam::553686865554:role/aharon-eks-26Hbn35f20210622221221757600000002",
            "status": "ACTIVE",
            "tags": {
              "Environment": "aharon-demo"
            },
            "tags_all": {
              "Environment": "aharon-demo"
            },
            "timeouts": {
              "create": "30m",
              "delete": "15m",
              "update": null
            },
            "version": "1.19",
            "vpc_config": [
              {
                "cluster_security_group_id": "sg-0d227bdbc09370dd3",
                "endpoint_private_access": false,
                "endpoint_public_access": true,
                "public_access_cidrs": [
                  "0.0.0.0/0"
                ],
                "security_group_ids": [
                  "sg-0e0324ed242a6265b"
                ],
                "subnet_ids": [
                  "subnet-00b9bda1b67aa6984",
                  "subnet-04193b509db81e383",
                  "subnet-0dbc579d2434825f3"
                ],
                "vpc_id": "vpc-011bb222aeb9669c2"
              }
            ]
          },
          "sensitive_attributes": [],
          "private": "eyJlMmJmYjczMC1lY2FhLTExZTYtOGY4OC0zNDM2M2JjN2M0YzAiOnsiY3JlYXRlIjoxODAwMDAwMDAwMDAwLCJkZWxldGUiOjkwMDAwMDAwMDAwMCwidXBkYXRlIjozNjAwMDAwMDAwMDAwfX0=",
          "dependencies": [
            "module.k8s-cluster.module.eks.aws_iam_role.cluster",
            "module.k8s-cluster.module.eks.aws_iam_role_policy_attachment.cluster_AmazonEKSServicePolicy",
            "module.k8s-cluster.module.eks.aws_security_group.workers",
            "module.k8s-cluster.module.vpc.aws_vpc.this",
            "module.k8s-cluster.data.aws_availability_zones.available",
            "module.k8s-cluster.module.eks.aws_iam_role_policy_attachment.cluster_AmazonEKSVPCResourceControllerPolicy",
            "module.k8s-cluster.module.eks.aws_security_group_rule.cluster_https_worker_ingress",
            "module.k8s-cluster.module.eks.data.aws_iam_role.custom_cluster_iam_role",
            "module.k8s-cluster.module.vpc.aws_subnet.private",
            "module.k8s-cluster.module.eks.aws_iam_role_policy_attachment.cluster_AmazonEKSClusterPolicy",
            "module.k8s-cluster.module.eks.data.aws_partition.current",
            "module.k8s-cluster.module.eks.data.aws_iam_policy_document.cluster_assume_role_policy",
            "module.k8s-cluster.module.eks.aws_security_group.cluster",
            "module.k8s-cluster.module.eks.aws_security_group_rule.cluster_egress_internet",
            "module.k8s-cluster.module.vpc.aws_vpc_ipv4_cidr_block_association.this",
            "module.k8s-cluster.random_string.suffix",
            "module.k8s-cluster.module.eks.aws_cloudwatch_log_group.this"
          ],
          "create_before_destroy": true
        }
      ]
    },
    {
      "module": "module.k8s-cluster.module.eks",
      "mode": "managed",
      "type": "aws_iam_instance_profile",
      "name": "workers",
      "provider": "provider[\"registry.terraform.io/hashicorp/aws\"]",
      "instances": [
        {
          "index_key": 0,
          "schema_version": 0,
          "attributes": {
            "arn": "arn:aws:iam::553686865554:instance-profile/aharon-eks-26Hbn35f2021062222234277490000000e",
            "create_date": "2021-06-22T22:23:43Z",
            "id": "aharon-eks-26Hbn35f2021062222234277490000000e",
            "name": "aharon-eks-26Hbn35f2021062222234277490000000e",
            "name_prefix": "aharon-eks-26Hbn35f",
            "path": "/",
            "role": "aharon-eks-26Hbn35f2021062222234008180000000c",
            "tags": {
              "Environment": "aharon-demo"
            },
            "tags_all": {
              "Environment": "aharon-demo"
            },
            "unique_id": "AIPAYB2SPC2JCGWC5M3JZ"
          },
          "sensitive_attributes": [],
          "private": "bnVsbA==",
          "dependencies": [
            "module.k8s-cluster.aws_security_group.worker_group_mgmt_one",
            "module.k8s-cluster.data.aws_availability_zones.available",
            "module.k8s-cluster.module.eks.aws_iam_role_policy_attachment.cluster_AmazonEKSServicePolicy",
            "module.k8s-cluster.module.eks.aws_security_group_rule.cluster_https_worker_ingress",
            "module.k8s-cluster.module.eks.data.aws_iam_policy_document.cluster_assume_role_policy",
            "module.k8s-cluster.module.eks.data.aws_iam_policy_document.workers_assume_role_policy",
            "module.k8s-cluster.module.eks.aws_eks_cluster.this",
            "module.k8s-cluster.module.eks.aws_security_group.cluster",
            "module.k8s-cluster.module.vpc.aws_subnet.private",
            "module.k8s-cluster.module.vpc.aws_vpc.this",
            "module.k8s-cluster.random_string.suffix",
            "module.k8s-cluster.module.eks.aws_cloudwatch_log_group.this",
            "module.k8s-cluster.module.eks.aws_iam_role_policy_attachment.cluster_AmazonEKSVPCResourceControllerPolicy",
            "module.k8s-cluster.module.eks.aws_security_group_rule.cluster_egress_internet",
            "module.k8s-cluster.module.eks.data.aws_partition.current",
            "module.k8s-cluster.aws_security_group.worker_group_mgmt_two",
            "module.k8s-cluster.module.eks.aws_iam_role.cluster",
            "module.k8s-cluster.module.eks.aws_iam_role.workers",
            "module.k8s-cluster.module.eks.aws_iam_role_policy_attachment.cluster_AmazonEKSClusterPolicy",
            "module.k8s-cluster.module.eks.aws_security_group.workers",
            "module.k8s-cluster.module.eks.data.aws_iam_role.custom_cluster_iam_role",
            "module.k8s-cluster.module.vpc.aws_vpc_ipv4_cidr_block_association.this"
          ],
          "create_before_destroy": true
        },
        {
          "index_key": 1,
          "schema_version": 0,
          "attributes": {
            "arn": "arn:aws:iam::553686865554:instance-profile/aharon-eks-26Hbn35f2021062222234277420000000d",
            "create_date": "2021-06-22T22:23:43Z",
            "id": "aharon-eks-26Hbn35f2021062222234277420000000d",
            "name": "aharon-eks-26Hbn35f2021062222234277420000000d",
            "name_prefix": "aharon-eks-26Hbn35f",
            "path": "/",
            "role": "aharon-eks-26Hbn35f2021062222234008180000000c",
            "tags": {
              "Environment": "aharon-demo"
            },
            "tags_all": {
              "Environment": "aharon-demo"
            },
            "unique_id": "AIPAYB2SPC2JEG4S36POS"
          },
          "sensitive_attributes": [],
          "private": "bnVsbA==",
          "dependencies": [
            "module.k8s-cluster.module.eks.aws_eks_cluster.this",
            "module.k8s-cluster.module.eks.aws_iam_role.workers",
            "module.k8s-cluster.module.eks.aws_security_group_rule.cluster_https_worker_ingress",
            "module.k8s-cluster.module.eks.data.aws_iam_role.custom_cluster_iam_role",
            "module.k8s-cluster.module.vpc.aws_vpc.this",
            "module.k8s-cluster.module.eks.aws_cloudwatch_log_group.this",
            "module.k8s-cluster.module.eks.aws_iam_role.cluster",
            "module.k8s-cluster.module.eks.aws_iam_role_policy_attachment.cluster_AmazonEKSClusterPolicy",
            "module.k8s-cluster.module.eks.data.aws_iam_policy_document.workers_assume_role_policy",
            "module.k8s-cluster.aws_security_group.worker_group_mgmt_two",
            "module.k8s-cluster.module.eks.aws_iam_role_policy_attachment.cluster_AmazonEKSVPCResourceControllerPolicy",
            "module.k8s-cluster.module.eks.aws_security_group.cluster",
            "module.k8s-cluster.module.eks.aws_security_group_rule.cluster_egress_internet",
            "module.k8s-cluster.module.vpc.aws_subnet.private",
            "module.k8s-cluster.random_string.suffix",
            "module.k8s-cluster.module.vpc.aws_vpc_ipv4_cidr_block_association.this",
            "module.k8s-cluster.aws_security_group.worker_group_mgmt_one",
            "module.k8s-cluster.data.aws_availability_zones.available",
            "module.k8s-cluster.module.eks.aws_iam_role_policy_attachment.cluster_AmazonEKSServicePolicy",
            "module.k8s-cluster.module.eks.aws_security_group.workers",
            "module.k8s-cluster.module.eks.data.aws_iam_policy_document.cluster_assume_role_policy",
            "module.k8s-cluster.module.eks.data.aws_partition.current"
          ],
          "create_before_destroy": true
        }
      ]
    },
    {
      "module": "module.k8s-cluster.module.eks",
      "mode": "managed",
      "type": "aws_iam_policy",
      "name": "cluster_elb_sl_role_creation",
      "provider": "provider[\"registry.terraform.io/hashicorp/aws\"]",
      "instances": [
        {
          "index_key": 0,
          "schema_version": 0,
          "attributes": {
            "arn": "arn:aws:iam::553686865554:policy/aharon-eks-26Hbn35f-elb-sl-role-creation20210622221221755300000001",
            "description": "Permissions for EKS to create AWSServiceRoleForElasticLoadBalancing service-linked role",
            "id": "arn:aws:iam::553686865554:policy/aharon-eks-26Hbn35f-elb-sl-role-creation20210622221221755300000001",
            "name": "aharon-eks-26Hbn35f-elb-sl-role-creation20210622221221755300000001",
            "name_prefix": "aharon-eks-26Hbn35f-elb-sl-role-creation",
            "path": "/",
            "policy": "{\n  \"Version\": \"2012-10-17\",\n  \"Statement\": [\n    {\n      \"Sid\": \"\",\n      \"Effect\": \"Allow\",\n      \"Action\": [\n        \"ec2:DescribeInternetGateways\",\n        \"ec2:DescribeAddresses\",\n        \"ec2:DescribeAccountAttributes\"\n      ],\n      \"Resource\": \"*\"\n    }\n  ]\n}",
            "policy_id": "ANPAYB2SPC2JLEOQ2DXXO",
            "tags": {
              "Environment": "aharon-demo"
            },
            "tags_all": {
              "Environment": "aharon-demo"
            }
          },
          "sensitive_attributes": [],
          "private": "bnVsbA==",
          "dependencies": [
            "module.k8s-cluster.module.eks.data.aws_iam_policy_document.cluster_elb_sl_role_creation",
            "module.k8s-cluster.random_string.suffix"
          ]
        }
      ]
    },
    {
      "module": "module.k8s-cluster.module.eks",
      "mode": "managed",
      "type": "aws_iam_role",
      "name": "cluster",
      "provider": "provider[\"registry.terraform.io/hashicorp/aws\"]",
      "instances": [
        {
          "index_key": 0,
          "schema_version": 0,
          "attributes": {
            "arn": "arn:aws:iam::553686865554:role/aharon-eks-26Hbn35f20210622221221757600000002",
            "assume_role_policy": "{\"Version\":\"2012-10-17\",\"Statement\":[{\"Sid\":\"EKSClusterAssumeRole\",\"Effect\":\"Allow\",\"Principal\":{\"Service\":\"eks.amazonaws.com\"},\"Action\":\"sts:AssumeRole\"}]}",
            "create_date": "2021-06-22T22:12:32Z",
            "description": "",
            "force_detach_policies": true,
            "id": "aharon-eks-26Hbn35f20210622221221757600000002",
            "inline_policy": [
              {
                "name": "",
                "policy": ""
              }
            ],
            "managed_policy_arns": [
              "arn:aws:iam::553686865554:policy/aharon-eks-26Hbn35f-elb-sl-role-creation20210622221221755300000001",
              "arn:aws:iam::aws:policy/AmazonEKSClusterPolicy",
              "arn:aws:iam::aws:policy/AmazonEKSServicePolicy",
              "arn:aws:iam::aws:policy/AmazonEKSVPCResourceController"
            ],
            "max_session_duration": 3600,
            "name": "aharon-eks-26Hbn35f20210622221221757600000002",
            "name_prefix": "aharon-eks-26Hbn35f",
            "path": "/",
            "permissions_boundary": null,
            "tags": {
              "Environment": "aharon-demo"
            },
            "tags_all": {
              "Environment": "aharon-demo"
            },
            "unique_id": "AROAYB2SPC2JILG6ZBQZI"
          },
          "sensitive_attributes": [],
          "private": "bnVsbA==",
          "dependencies": [
            "module.k8s-cluster.module.eks.data.aws_iam_policy_document.cluster_assume_role_policy",
            "module.k8s-cluster.random_string.suffix"
          ],
          "create_before_destroy": true
        }
      ]
    },
    {
      "module": "module.k8s-cluster.module.eks",
      "mode": "managed",
      "type": "aws_iam_role",
      "name": "workers",
      "provider": "provider[\"registry.terraform.io/hashicorp/aws\"]",
      "instances": [
        {
          "index_key": 0,
          "schema_version": 0,
          "attributes": {
            "arn": "arn:aws:iam::553686865554:role/aharon-eks-26Hbn35f2021062222234008180000000c",
            "assume_role_policy": "{\"Version\":\"2012-10-17\",\"Statement\":[{\"Sid\":\"EKSWorkerAssumeRole\",\"Effect\":\"Allow\",\"Principal\":{\"Service\":\"ec2.amazonaws.com\"},\"Action\":\"sts:AssumeRole\"}]}",
            "create_date": "2021-06-22T22:23:40Z",
            "description": "",
            "force_detach_policies": true,
            "id": "aharon-eks-26Hbn35f2021062222234008180000000c",
            "inline_policy": [
              {
                "name": "",
                "policy": ""
              }
            ],
            "managed_policy_arns": [
              "arn:aws:iam::aws:policy/AmazonEC2ContainerRegistryReadOnly",
              "arn:aws:iam::aws:policy/AmazonEKSWorkerNodePolicy",
              "arn:aws:iam::aws:policy/AmazonEKS_CNI_Policy"
            ],
            "max_session_duration": 3600,
            "name": "aharon-eks-26Hbn35f2021062222234008180000000c",
            "name_prefix": "aharon-eks-26Hbn35f",
            "path": "/",
            "permissions_boundary": null,
            "tags": {
              "Environment": "aharon-demo"
            },
            "tags_all": {
              "Environment": "aharon-demo"
            },
            "unique_id": "AROAYB2SPC2JC7USYTPBC"
          },
          "sensitive_attributes": [],
          "private": "bnVsbA==",
          "dependencies": [
            "module.k8s-cluster.module.eks.aws_security_group_rule.cluster_egress_internet",
            "module.k8s-cluster.module.eks.data.aws_iam_policy_document.cluster_assume_role_policy",
            "module.k8s-cluster.module.eks.data.aws_iam_policy_document.workers_assume_role_policy",
            "module.k8s-cluster.module.eks.data.aws_partition.current",
            "module.k8s-cluster.module.eks.aws_eks_cluster.this",
            "module.k8s-cluster.module.eks.aws_iam_role.cluster",
            "module.k8s-cluster.module.eks.aws_security_group.cluster",
            "module.k8s-cluster.module.eks.aws_iam_role_policy_attachment.cluster_AmazonEKSClusterPolicy",
            "module.k8s-cluster.module.eks.aws_iam_role_policy_attachment.cluster_AmazonEKSServicePolicy",
            "module.k8s-cluster.module.vpc.aws_subnet.private",
            "module.k8s-cluster.random_string.suffix",
            "module.k8s-cluster.module.eks.aws_iam_role_policy_attachment.cluster_AmazonEKSVPCResourceControllerPolicy",
            "module.k8s-cluster.module.eks.aws_security_group.workers",
            "module.k8s-cluster.module.eks.aws_security_group_rule.cluster_https_worker_ingress",
            "module.k8s-cluster.module.vpc.aws_vpc.this",
            "module.k8s-cluster.module.vpc.aws_vpc_ipv4_cidr_block_association.this",
            "module.k8s-cluster.data.aws_availability_zones.available",
            "module.k8s-cluster.module.eks.aws_cloudwatch_log_group.this",
            "module.k8s-cluster.module.eks.data.aws_iam_role.custom_cluster_iam_role"
          ],
          "create_before_destroy": true
        }
      ]
    },
    {
      "module": "module.k8s-cluster.module.eks",
      "mode": "managed",
      "type": "aws_iam_role_policy_attachment",
      "name": "cluster_AmazonEKSClusterPolicy",
      "provider": "provider[\"registry.terraform.io/hashicorp/aws\"]",
      "instances": [
        {
          "index_key": 0,
          "schema_version": 0,
          "attributes": {
            "id": "aharon-eks-26Hbn35f20210622221221757600000002-20210622221235443100000005",
            "policy_arn": "arn:aws:iam::aws:policy/AmazonEKSClusterPolicy",
            "role": "aharon-eks-26Hbn35f20210622221221757600000002"
          },
          "sensitive_attributes": [],
          "private": "bnVsbA==",
          "dependencies": [
            "module.k8s-cluster.module.eks.aws_iam_role.cluster",
            "module.k8s-cluster.module.eks.data.aws_iam_policy_document.cluster_assume_role_policy",
            "module.k8s-cluster.module.eks.data.aws_partition.current",
            "module.k8s-cluster.random_string.suffix"
          ],
          "create_before_destroy": true
        }
      ]
    },
    {
      "module": "module.k8s-cluster.module.eks",
      "mode": "managed",
      "type": "aws_iam_role_policy_attachment",
      "name": "cluster_AmazonEKSServicePolicy",
      "provider": "provider[\"registry.terraform.io/hashicorp/aws\"]",
      "instances": [
        {
          "index_key": 0,
          "schema_version": 0,
          "attributes": {
            "id": "aharon-eks-26Hbn35f20210622221221757600000002-20210622221235424300000003",
            "policy_arn": "arn:aws:iam::aws:policy/AmazonEKSServicePolicy",
            "role": "aharon-eks-26Hbn35f20210622221221757600000002"
          },
          "sensitive_attributes": [],
          "private": "bnVsbA==",
          "dependencies": [
            "module.k8s-cluster.module.eks.aws_iam_role.cluster",
            "module.k8s-cluster.module.eks.data.aws_iam_policy_document.cluster_assume_role_policy",
            "module.k8s-cluster.module.eks.data.aws_partition.current",
            "module.k8s-cluster.random_string.suffix"
          ],
          "create_before_destroy": true
        }
      ]
    },
    {
      "module": "module.k8s-cluster.module.eks",
      "mode": "managed",
      "type": "aws_iam_role_policy_attachment",
      "name": "cluster_AmazonEKSVPCResourceControllerPolicy",
      "provider": "provider[\"registry.terraform.io/hashicorp/aws\"]",
      "instances": [
        {
          "index_key": 0,
          "schema_version": 0,
          "attributes": {
            "id": "aharon-eks-26Hbn35f20210622221221757600000002-20210622221235453600000006",
            "policy_arn": "arn:aws:iam::aws:policy/AmazonEKSVPCResourceController",
            "role": "aharon-eks-26Hbn35f20210622221221757600000002"
          },
          "sensitive_attributes": [],
          "private": "bnVsbA==",
          "dependencies": [
            "module.k8s-cluster.random_string.suffix",
            "module.k8s-cluster.module.eks.aws_iam_role.cluster",
            "module.k8s-cluster.module.eks.data.aws_iam_policy_document.cluster_assume_role_policy",
            "module.k8s-cluster.module.eks.data.aws_partition.current"
          ],
          "create_before_destroy": true
        }
      ]
    },
    {
      "module": "module.k8s-cluster.module.eks",
      "mode": "managed",
      "type": "aws_iam_role_policy_attachment",
      "name": "cluster_elb_sl_role_creation",
      "provider": "provider[\"registry.terraform.io/hashicorp/aws\"]",
      "instances": [
        {
          "index_key": 0,
          "schema_version": 0,
          "attributes": {
            "id": "aharon-eks-26Hbn35f20210622221221757600000002-20210622221235432300000004",
            "policy_arn": "arn:aws:iam::553686865554:policy/aharon-eks-26Hbn35f-elb-sl-role-creation20210622221221755300000001",
            "role": "aharon-eks-26Hbn35f20210622221221757600000002"
          },
          "sensitive_attributes": [],
          "private": "bnVsbA==",
          "dependencies": [
            "module.k8s-cluster.module.eks.aws_iam_policy.cluster_elb_sl_role_creation",
            "module.k8s-cluster.module.eks.aws_iam_role.cluster",
            "module.k8s-cluster.module.eks.data.aws_iam_policy_document.cluster_assume_role_policy",
            "module.k8s-cluster.module.eks.data.aws_iam_policy_document.cluster_elb_sl_role_creation",
            "module.k8s-cluster.random_string.suffix"
          ]
        }
      ]
    },
    {
      "module": "module.k8s-cluster.module.eks",
      "mode": "managed",
      "type": "aws_iam_role_policy_attachment",
      "name": "workers_AmazonEC2ContainerRegistryReadOnly",
      "provider": "provider[\"registry.terraform.io/hashicorp/aws\"]",
      "instances": [
        {
          "index_key": 0,
          "schema_version": 0,
          "attributes": {
            "id": "aharon-eks-26Hbn35f2021062222234008180000000c-20210622222403883300000011",
            "policy_arn": "arn:aws:iam::aws:policy/AmazonEC2ContainerRegistryReadOnly",
            "role": "aharon-eks-26Hbn35f2021062222234008180000000c"
          },
          "sensitive_attributes": [],
          "private": "bnVsbA==",
          "dependencies": [
            "module.k8s-cluster.module.eks.aws_iam_role_policy_attachment.cluster_AmazonEKSVPCResourceControllerPolicy",
            "module.k8s-cluster.module.eks.aws_security_group.cluster",
            "module.k8s-cluster.module.eks.data.aws_iam_policy_document.cluster_assume_role_policy",
            "module.k8s-cluster.module.vpc.aws_subnet.private",
            "module.k8s-cluster.module.eks.aws_cloudwatch_log_group.this",
            "module.k8s-cluster.module.eks.aws_eks_cluster.this",
            "module.k8s-cluster.module.eks.aws_iam_role.cluster",
            "module.k8s-cluster.module.eks.data.aws_partition.current",
            "module.k8s-cluster.module.vpc.aws_vpc_ipv4_cidr_block_association.this",
            "module.k8s-cluster.random_string.suffix",
            "module.k8s-cluster.module.eks.aws_security_group.workers",
            "module.k8s-cluster.module.eks.data.aws_iam_policy_document.workers_assume_role_policy",
            "module.k8s-cluster.module.vpc.aws_vpc.this",
            "module.k8s-cluster.data.aws_availability_zones.available",
            "module.k8s-cluster.module.eks.aws_iam_role.workers",
            "module.k8s-cluster.module.eks.aws_iam_role_policy_attachment.cluster_AmazonEKSClusterPolicy",
            "module.k8s-cluster.module.eks.aws_iam_role_policy_attachment.cluster_AmazonEKSServicePolicy",
            "module.k8s-cluster.module.eks.aws_security_group_rule.cluster_egress_internet",
            "module.k8s-cluster.module.eks.aws_security_group_rule.cluster_https_worker_ingress",
            "module.k8s-cluster.module.eks.data.aws_iam_role.custom_cluster_iam_role"
          ],
          "create_before_destroy": true
        }
      ]
    },
    {
      "module": "module.k8s-cluster.module.eks",
      "mode": "managed",
      "type": "aws_iam_role_policy_attachment",
      "name": "workers_AmazonEKSWorkerNodePolicy",
      "provider": "provider[\"registry.terraform.io/hashicorp/aws\"]",
      "instances": [
        {
          "index_key": 0,
          "schema_version": 0,
          "attributes": {
            "id": "aharon-eks-26Hbn35f2021062222234008180000000c-2021062222234338940000000f",
            "policy_arn": "arn:aws:iam::aws:policy/AmazonEKSWorkerNodePolicy",
            "role": "aharon-eks-26Hbn35f2021062222234008180000000c"
          },
          "sensitive_attributes": [],
          "private": "bnVsbA==",
          "dependencies": [
            "module.k8s-cluster.module.eks.aws_iam_role.cluster",
            "module.k8s-cluster.module.eks.aws_iam_role_policy_attachment.cluster_AmazonEKSServicePolicy",
            "module.k8s-cluster.module.eks.aws_security_group_rule.cluster_egress_internet",
            "module.k8s-cluster.module.vpc.aws_subnet.private",
            "module.k8s-cluster.data.aws_availability_zones.available",
            "module.k8s-cluster.module.eks.aws_iam_role.workers",
            "module.k8s-cluster.module.eks.aws_security_group.workers",
            "module.k8s-cluster.module.eks.data.aws_iam_policy_document.cluster_assume_role_policy",
            "module.k8s-cluster.module.vpc.aws_vpc.this",
            "module.k8s-cluster.module.eks.data.aws_partition.current",
            "module.k8s-cluster.random_string.suffix",
            "module.k8s-cluster.module.eks.aws_eks_cluster.this",
            "module.k8s-cluster.module.eks.aws_iam_role_policy_attachment.cluster_AmazonEKSClusterPolicy",
            "module.k8s-cluster.module.eks.aws_security_group.cluster",
            "module.k8s-cluster.module.eks.aws_security_group_rule.cluster_https_worker_ingress",
            "module.k8s-cluster.module.eks.data.aws_iam_policy_document.workers_assume_role_policy",
            "module.k8s-cluster.module.eks.aws_cloudwatch_log_group.this",
            "module.k8s-cluster.module.eks.aws_iam_role_policy_attachment.cluster_AmazonEKSVPCResourceControllerPolicy",
            "module.k8s-cluster.module.eks.data.aws_iam_role.custom_cluster_iam_role",
            "module.k8s-cluster.module.vpc.aws_vpc_ipv4_cidr_block_association.this"
          ],
          "create_before_destroy": true
        }
      ]
    },
    {
      "module": "module.k8s-cluster.module.eks",
      "mode": "managed",
      "type": "aws_iam_role_policy_attachment",
      "name": "workers_AmazonEKS_CNI_Policy",
      "provider": "provider[\"registry.terraform.io/hashicorp/aws\"]",
      "instances": [
        {
          "index_key": 0,
          "schema_version": 0,
          "attributes": {
            "id": "aharon-eks-26Hbn35f2021062222234008180000000c-20210622222343391600000010",
            "policy_arn": "arn:aws:iam::aws:policy/AmazonEKS_CNI_Policy",
            "role": "aharon-eks-26Hbn35f2021062222234008180000000c"
          },
          "sensitive_attributes": [],
          "private": "bnVsbA==",
          "dependencies": [
            "module.k8s-cluster.module.eks.data.aws_iam_policy_document.workers_assume_role_policy",
            "module.k8s-cluster.module.eks.aws_iam_role_policy_attachment.cluster_AmazonEKSClusterPolicy",
            "module.k8s-cluster.module.eks.data.aws_iam_policy_document.cluster_assume_role_policy",
            "module.k8s-cluster.module.eks.aws_iam_role.workers",
            "module.k8s-cluster.module.vpc.aws_vpc.this",
            "module.k8s-cluster.module.eks.aws_cloudwatch_log_group.this",
            "module.k8s-cluster.module.eks.aws_iam_role.cluster",
            "module.k8s-cluster.module.eks.aws_iam_role_policy_attachment.cluster_AmazonEKSServicePolicy",
            "module.k8s-cluster.module.eks.aws_iam_role_policy_attachment.cluster_AmazonEKSVPCResourceControllerPolicy",
            "module.k8s-cluster.module.eks.aws_security_group_rule.cluster_egress_internet",
            "module.k8s-cluster.module.eks.data.aws_partition.current",
            "module.k8s-cluster.data.aws_availability_zones.available",
            "module.k8s-cluster.module.eks.aws_eks_cluster.this",
            "module.k8s-cluster.module.eks.aws_security_group_rule.cluster_https_worker_ingress",
            "module.k8s-cluster.module.eks.data.aws_iam_role.custom_cluster_iam_role",
            "module.k8s-cluster.module.vpc.aws_subnet.private",
            "module.k8s-cluster.module.vpc.aws_vpc_ipv4_cidr_block_association.this",
            "module.k8s-cluster.random_string.suffix",
            "module.k8s-cluster.module.eks.aws_security_group.cluster",
            "module.k8s-cluster.module.eks.aws_security_group.workers"
          ],
          "create_before_destroy": true
        }
      ]
    },
    {
      "module": "module.k8s-cluster.module.eks",
      "mode": "managed",
      "type": "aws_launch_configuration",
      "name": "workers",
      "provider": "provider[\"registry.terraform.io/hashicorp/aws\"]",
      "instances": [
        {
          "index_key": 0,
          "schema_version": 0,
          "attributes": {
            "arn": "arn:aws:autoscaling:eu-west-1:553686865554:launchConfiguration:55e6890c-4af6-4090-a8f0-bcaf6707e9c3:launchConfigurationName/aharon-eks-26Hbn35f-worker-group-120210622222404542900000012",
            "associate_public_ip_address": false,
            "ebs_block_device": [],
            "ebs_optimized": false,
            "enable_monitoring": true,
            "ephemeral_block_device": [],
            "iam_instance_profile": "aharon-eks-26Hbn35f2021062222234277490000000e",
            "id": "aharon-eks-26Hbn35f-worker-group-120210622222404542900000012",
            "image_id": "ami-08adae443f6a2b4f6",
            "instance_type": "t2.small",
            "key_name": "",
            "metadata_options": [
              {
                "http_endpoint": "enabled",
                "http_put_response_hop_limit": 1,
                "http_tokens": "optional"
              }
            ],
            "name": "aharon-eks-26Hbn35f-worker-group-120210622222404542900000012",
            "name_prefix": "aharon-eks-26Hbn35f-worker-group-1",
            "placement_tenancy": "",
            "root_block_device": [
              {
                "delete_on_termination": true,
                "encrypted": false,
                "iops": 0,
                "throughput": 0,
                "volume_size": 100,
                "volume_type": "gp2"
              }
            ],
            "security_groups": [
              "sg-07ca5d86392822fd9",
              "sg-0c971ead5d63161c8"
            ],
            "spot_price": "",
            "user_data": null,
            "user_data_base64": "IyEvYmluL2Jhc2ggLWUKCiMgQWxsb3cgdXNlciBzdXBwbGllZCBwcmUgdXNlcmRhdGEgY29kZQoKCiMgQm9vdHN0cmFwIGFuZCBqb2luIHRoZSBjbHVzdGVyCi9ldGMvZWtzL2Jvb3RzdHJhcC5zaCAtLWI2NC1jbHVzdGVyLWNhICdMUzB0TFMxQ1JVZEpUaUJEUlZKVVNVWkpRMEZVUlMwdExTMHRDazFKU1VNMWVrTkRRV01yWjBGM1NVSkJaMGxDUVVSQlRrSm5hM0ZvYTJsSE9YY3dRa0ZSYzBaQlJFRldUVkpOZDBWUldVUldVVkZFUlhkd2NtUlhTbXdLWTIwMWJHUkhWbnBOUWpSWVJGUkplRTFFV1hsTmFrbDVUVlJyTVUxV2IxaEVWRTE0VFVSWmVVMUVTWGxOVkdzeFRWWnZkMFpVUlZSTlFrVkhRVEZWUlFwQmVFMUxZVE5XYVZwWVNuVmFXRkpzWTNwRFEwRlRTWGRFVVZsS1MyOWFTV2gyWTA1QlVVVkNRbEZCUkdkblJWQkJSRU5EUVZGdlEyZG5SVUpCU2pWUENreFBWMUJHTVhsRk5Ia3piWEZxV2xGTlNHdDFNbWh1YUhOSVRVSk9iREJ2ZEVkUk5scEplbGxsYTFKUFMxWmtjSGRZT1RBcmQyMVdaa2x5U0ZOcVVIUUtORk0yU1RGMlQyWTNOamwxWkdaWlZFRmpWMHhuUkhBMUwxVnNOWEk0YVRCMWJVWnNXbmNyVkdaclFtUk1abVpCTUdoMFpXWkJjbEpSUzBacGF6bE9hd3BXTkRSMFV6SXpkRmRvYkdWc1V6VmxRV3hGYVRWQmJ5dE9TVW80ZUV0UU0wRlBURU5uYlZGSlMwUjVNVnBxTnpZNGFGRXhRelJSU0dsVmJtUkVPVzk2Q25rMmF6QkllVk4xT0doTlZVVlZRbU5DTVZoS2JWSktlR3hQTlZGWlR6SnRWRU5NYlZCb1drUkZXbXBTVTBsbVJUUjRVbmQ1ZEZaSkswa3ZTbXRCUmxjS1ZrSktWRmRpTjFWdGJVbFNXa2x0ZUhZclZGWkJWaXR6VW5sMFZUQm9NMjg1V0RabVZsQnJlWFp0VjJaRFVWRnFhRUppY0hGaE5Hc3hiVFpXTkhKRU5ncHlSVEYwT1VWMmFIbE5iM05HTUZjeFltaGpRMEYzUlVGQllVNURUVVZCZDBSbldVUldVakJRUVZGSUwwSkJVVVJCWjB0clRVRTRSMEV4VldSRmQwVkNDaTkzVVVaTlFVMUNRV1k0ZDBoUldVUldVakJQUWtKWlJVWkJhRXRRUm5OcWMwNHlRMlZPTkRSbFpHd3pjQzkxZEdSRGVEZE5RVEJIUTFOeFIxTkpZak1LUkZGRlFrTjNWVUZCTkVsQ1FWRkRUVlI1UWxOaWJWQnNhVEF3Vm1SUk1ra3dWQzh3ZEdoWFdYWm9Ta0ZvTWpKYVRGTTFVVGxhWTFOVmJFbHBkVlJHVndwYU1taHdhMHdyT1ZBMFluWnhhMlJ2TUZwek9GVm9ZMWxyVmpFeFltaFlVbVJMVDFKR2FscDJLMWxKUjFsQk1HRXdNRWgyTVROd1NYRndLMHREYUV4dUNrMVFhbGhWZFVWWVpFUkdRVlYzTURoT2IxVndkMWgxVlZaNVZrWmpXRXMwZG1wT1QyTm9UVzFWVkc1NVFVdzJUWFZoWWxCNlpURjNhWFpXTXl0VU1XTUtjemhYUldZeE1HVTVWRzF0WW14elpIQjJOVXBMTDJsQmEzcGpkbVppZFRsTmRVcGpjRmhMYW1sUGFXUTJVemRpV1UxcE5FdGlkMlo1T1ZsblFtVjZWUXA2TVRWTmNXdDJlWFJQWmpaS09VbFJVVXhHUVZFME0wTmhiM280ZFdwNlFTdE5WbU5OVlRnMlFXTTNSRkJpVnpWRFEwNXhZV0ZtYUdRd01uZE9URk52Q21kR1QxYzNNbEp1ZVdsc09WQkNjR05DYlZnMk56bDJlblJ2TTNoYU5tWTNZMll3S3dvdExTMHRMVVZPUkNCRFJWSlVTVVpKUTBGVVJTMHRMUzB0Q2c9PScgLS1hcGlzZXJ2ZXItZW5kcG9pbnQgJ2h0dHBzOi8vQ0YxNUYwRUQxNkIzMzUxNzQ3NEE2MTg4MEJFRTM4NkYuZ3I3LmV1LXdlc3QtMS5la3MuYW1hem9uYXdzLmNvbScgIC0ta3ViZWxldC1leHRyYS1hcmdzICIiICdhaGFyb24tZWtzLTI2SGJuMzVmJwoKIyBBbGxvdyB1c2VyIHN1cHBsaWVkIHVzZXJkYXRhIGNvZGUKZWNobyB0ZXN0Cg==",
            "vpc_classic_link_id": "",
            "vpc_classic_link_security_groups": []
          },
          "sensitive_attributes": [],
          "private": "bnVsbA==",
          "dependencies": [
            "module.k8s-cluster.module.eks.aws_security_group_rule.workers_ingress_self",
            "module.k8s-cluster.aws_security_group.worker_group_mgmt_two",
            "module.k8s-cluster.data.aws_availability_zones.available",
            "module.k8s-cluster.module.eks.aws_eks_cluster.this",
            "module.k8s-cluster.module.eks.aws_iam_instance_profile.workers",
            "module.k8s-cluster.module.eks.aws_iam_role_policy_attachment.workers_AmazonEKSWorkerNodePolicy",
            "module.k8s-cluster.module.eks.aws_iam_role_policy_attachment.workers_additional_policies",
            "module.k8s-cluster.module.eks.aws_iam_role.workers",
            "module.k8s-cluster.module.eks.aws_iam_role_policy_attachment.cluster_AmazonEKSClusterPolicy",
            "module.k8s-cluster.module.eks.aws_iam_role_policy_attachment.workers_AmazonEKS_CNI_Policy",
            "module.k8s-cluster.module.eks.aws_security_group.cluster",
            "module.k8s-cluster.module.eks.aws_security_group.workers",
            "module.k8s-cluster.module.vpc.aws_vpc_ipv4_cidr_block_association.this",
            "module.k8s-cluster.module.eks.aws_security_group_rule.workers_ingress_cluster_https",
            "module.k8s-cluster.module.eks.aws_security_group_rule.workers_ingress_cluster_kubelet",
            "module.k8s-cluster.module.eks.aws_security_group_rule.workers_ingress_cluster_primary",
            "module.k8s-cluster.module.eks.data.aws_iam_policy_document.cluster_assume_role_policy",
            "module.k8s-cluster.module.eks.data.aws_iam_policy_document.workers_assume_role_policy",
            "module.k8s-cluster.random_string.suffix",
            "module.k8s-cluster.module.eks.aws_cloudwatch_log_group.this",
            "module.k8s-cluster.module.eks.aws_security_group_rule.cluster_egress_internet",
            "module.k8s-cluster.module.eks.aws_security_group_rule.cluster_primary_ingress_workers",
            "module.k8s-cluster.module.eks.aws_security_group_rule.workers_egress_internet",
            "module.k8s-cluster.module.eks.aws_security_group_rule.workers_ingress_cluster",
            "module.k8s-cluster.module.eks.aws_iam_role_policy_attachment.cluster_AmazonEKSVPCResourceControllerPolicy",
            "module.k8s-cluster.module.eks.aws_security_group_rule.cluster_https_worker_ingress",
            "module.k8s-cluster.module.eks.data.aws_ami.eks_worker_windows",
            "module.k8s-cluster.module.eks.data.aws_partition.current",
            "module.k8s-cluster.module.eks.data.aws_iam_instance_profile.custom_worker_group_iam_instance_profile",
            "module.k8s-cluster.module.eks.data.aws_iam_role.custom_cluster_iam_role",
            "module.k8s-cluster.module.vpc.aws_subnet.private",
            "module.k8s-cluster.module.vpc.aws_vpc.this",
            "module.k8s-cluster.aws_security_group.worker_group_mgmt_one",
            "module.k8s-cluster.module.eks.aws_iam_role.cluster",
            "module.k8s-cluster.module.eks.aws_iam_role_policy_attachment.cluster_AmazonEKSServicePolicy",
            "module.k8s-cluster.module.eks.aws_iam_role_policy_attachment.workers_AmazonEC2ContainerRegistryReadOnly",
            "module.k8s-cluster.module.eks.data.aws_ami.eks_worker"
          ],
          "create_before_destroy": true
        },
        {
          "index_key": 1,
          "schema_version": 0,
          "attributes": {
            "arn": "arn:aws:autoscaling:eu-west-1:553686865554:launchConfiguration:6fff45d6-d35e-4924-aa27-5a377bc8a0aa:launchConfigurationName/aharon-eks-26Hbn35f-worker-group-220210622222404543100000013",
            "associate_public_ip_address": false,
            "ebs_block_device": [],
            "ebs_optimized": false,
            "enable_monitoring": true,
            "ephemeral_block_device": [],
            "iam_instance_profile": "aharon-eks-26Hbn35f2021062222234277420000000d",
            "id": "aharon-eks-26Hbn35f-worker-group-220210622222404543100000013",
            "image_id": "ami-08adae443f6a2b4f6",
            "instance_type": "t2.medium",
            "key_name": "",
            "metadata_options": [
              {
                "http_endpoint": "enabled",
                "http_put_response_hop_limit": 1,
                "http_tokens": "optional"
              }
            ],
            "name": "aharon-eks-26Hbn35f-worker-group-220210622222404543100000013",
            "name_prefix": "aharon-eks-26Hbn35f-worker-group-2",
            "placement_tenancy": "",
            "root_block_device": [
              {
                "delete_on_termination": true,
                "encrypted": false,
                "iops": 0,
                "throughput": 0,
                "volume_size": 100,
                "volume_type": "gp2"
              }
            ],
            "security_groups": [
              "sg-02402ff3f0fce3d36",
              "sg-0c971ead5d63161c8"
            ],
            "spot_price": "",
            "user_data": null,
            "user_data_base64": "IyEvYmluL2Jhc2ggLWUKCiMgQWxsb3cgdXNlciBzdXBwbGllZCBwcmUgdXNlcmRhdGEgY29kZQoKCiMgQm9vdHN0cmFwIGFuZCBqb2luIHRoZSBjbHVzdGVyCi9ldGMvZWtzL2Jvb3RzdHJhcC5zaCAtLWI2NC1jbHVzdGVyLWNhICdMUzB0TFMxQ1JVZEpUaUJEUlZKVVNVWkpRMEZVUlMwdExTMHRDazFKU1VNMWVrTkRRV01yWjBGM1NVSkJaMGxDUVVSQlRrSm5hM0ZvYTJsSE9YY3dRa0ZSYzBaQlJFRldUVkpOZDBWUldVUldVVkZFUlhkd2NtUlhTbXdLWTIwMWJHUkhWbnBOUWpSWVJGUkplRTFFV1hsTmFrbDVUVlJyTVUxV2IxaEVWRTE0VFVSWmVVMUVTWGxOVkdzeFRWWnZkMFpVUlZSTlFrVkhRVEZWUlFwQmVFMUxZVE5XYVZwWVNuVmFXRkpzWTNwRFEwRlRTWGRFVVZsS1MyOWFTV2gyWTA1QlVVVkNRbEZCUkdkblJWQkJSRU5EUVZGdlEyZG5SVUpCU2pWUENreFBWMUJHTVhsRk5Ia3piWEZxV2xGTlNHdDFNbWh1YUhOSVRVSk9iREJ2ZEVkUk5scEplbGxsYTFKUFMxWmtjSGRZT1RBcmQyMVdaa2x5U0ZOcVVIUUtORk0yU1RGMlQyWTNOamwxWkdaWlZFRmpWMHhuUkhBMUwxVnNOWEk0YVRCMWJVWnNXbmNyVkdaclFtUk1abVpCTUdoMFpXWkJjbEpSUzBacGF6bE9hd3BXTkRSMFV6SXpkRmRvYkdWc1V6VmxRV3hGYVRWQmJ5dE9TVW80ZUV0UU0wRlBURU5uYlZGSlMwUjVNVnBxTnpZNGFGRXhRelJSU0dsVmJtUkVPVzk2Q25rMmF6QkllVk4xT0doTlZVVlZRbU5DTVZoS2JWSktlR3hQTlZGWlR6SnRWRU5NYlZCb1drUkZXbXBTVTBsbVJUUjRVbmQ1ZEZaSkswa3ZTbXRCUmxjS1ZrSktWRmRpTjFWdGJVbFNXa2x0ZUhZclZGWkJWaXR6VW5sMFZUQm9NMjg1V0RabVZsQnJlWFp0VjJaRFVWRnFhRUppY0hGaE5Hc3hiVFpXTkhKRU5ncHlSVEYwT1VWMmFIbE5iM05HTUZjeFltaGpRMEYzUlVGQllVNURUVVZCZDBSbldVUldVakJRUVZGSUwwSkJVVVJCWjB0clRVRTRSMEV4VldSRmQwVkNDaTkzVVVaTlFVMUNRV1k0ZDBoUldVUldVakJQUWtKWlJVWkJhRXRRUm5OcWMwNHlRMlZPTkRSbFpHd3pjQzkxZEdSRGVEZE5RVEJIUTFOeFIxTkpZak1LUkZGRlFrTjNWVUZCTkVsQ1FWRkRUVlI1UWxOaWJWQnNhVEF3Vm1SUk1ra3dWQzh3ZEdoWFdYWm9Ta0ZvTWpKYVRGTTFVVGxhWTFOVmJFbHBkVlJHVndwYU1taHdhMHdyT1ZBMFluWnhhMlJ2TUZwek9GVm9ZMWxyVmpFeFltaFlVbVJMVDFKR2FscDJLMWxKUjFsQk1HRXdNRWgyTVROd1NYRndLMHREYUV4dUNrMVFhbGhWZFVWWVpFUkdRVlYzTURoT2IxVndkMWgxVlZaNVZrWmpXRXMwZG1wT1QyTm9UVzFWVkc1NVFVdzJUWFZoWWxCNlpURjNhWFpXTXl0VU1XTUtjemhYUldZeE1HVTVWRzF0WW14elpIQjJOVXBMTDJsQmEzcGpkbVppZFRsTmRVcGpjRmhMYW1sUGFXUTJVemRpV1UxcE5FdGlkMlo1T1ZsblFtVjZWUXA2TVRWTmNXdDJlWFJQWmpaS09VbFJVVXhHUVZFME0wTmhiM280ZFdwNlFTdE5WbU5OVlRnMlFXTTNSRkJpVnpWRFEwNXhZV0ZtYUdRd01uZE9URk52Q21kR1QxYzNNbEp1ZVdsc09WQkNjR05DYlZnMk56bDJlblJ2TTNoYU5tWTNZMll3S3dvdExTMHRMVVZPUkNCRFJWSlVTVVpKUTBGVVJTMHRMUzB0Q2c9PScgLS1hcGlzZXJ2ZXItZW5kcG9pbnQgJ2h0dHBzOi8vQ0YxNUYwRUQxNkIzMzUxNzQ3NEE2MTg4MEJFRTM4NkYuZ3I3LmV1LXdlc3QtMS5la3MuYW1hem9uYXdzLmNvbScgIC0ta3ViZWxldC1leHRyYS1hcmdzICIiICdhaGFyb24tZWtzLTI2SGJuMzVmJwoKIyBBbGxvdyB1c2VyIHN1cHBsaWVkIHVzZXJkYXRhIGNvZGUKZWNobyB0ZXN0Cg==",
            "vpc_classic_link_id": "",
            "vpc_classic_link_security_groups": []
          },
          "sensitive_attributes": [],
          "private": "bnVsbA==",
          "dependencies": [
            "module.k8s-cluster.module.eks.aws_security_group_rule.workers_ingress_cluster_https",
            "module.k8s-cluster.aws_security_group.worker_group_mgmt_two",
            "module.k8s-cluster.module.eks.aws_iam_role_policy_attachment.cluster_AmazonEKSClusterPolicy",
            "module.k8s-cluster.module.eks.aws_iam_role_policy_attachment.cluster_AmazonEKSVPCResourceControllerPolicy",
            "module.k8s-cluster.module.eks.aws_iam_role_policy_attachment.workers_AmazonEC2ContainerRegistryReadOnly",
            "module.k8s-cluster.module.eks.aws_security_group_rule.workers_ingress_cluster",
            "module.k8s-cluster.module.eks.data.aws_ami.eks_worker",
            "module.k8s-cluster.data.aws_availability_zones.available",
            "module.k8s-cluster.module.eks.aws_iam_role_policy_attachment.cluster_AmazonEKSServicePolicy",
            "module.k8s-cluster.module.eks.aws_security_group_rule.cluster_egress_internet",
            "module.k8s-cluster.module.eks.aws_security_group_rule.cluster_primary_ingress_workers",
            "module.k8s-cluster.module.eks.aws_security_group_rule.workers_ingress_self",
            "module.k8s-cluster.module.eks.data.aws_iam_instance_profile.custom_worker_group_iam_instance_profile",
            "module.k8s-cluster.module.eks.data.aws_iam_role.custom_cluster_iam_role",
            "module.k8s-cluster.module.eks.aws_iam_role.cluster",
            "module.k8s-cluster.module.eks.aws_security_group.workers",
            "module.k8s-cluster.module.eks.data.aws_ami.eks_worker_windows",
            "module.k8s-cluster.module.eks.aws_iam_role_policy_attachment.workers_additional_policies",
            "module.k8s-cluster.module.eks.aws_eks_cluster.this",
            "module.k8s-cluster.module.eks.aws_iam_instance_profile.workers",
            "module.k8s-cluster.module.eks.aws_iam_role.workers",
            "module.k8s-cluster.module.eks.aws_security_group_rule.cluster_https_worker_ingress",
            "module.k8s-cluster.module.eks.aws_security_group_rule.workers_egress_internet",
            "module.k8s-cluster.module.eks.data.aws_iam_policy_document.cluster_assume_role_policy",
            "module.k8s-cluster.module.vpc.aws_subnet.private",
            "module.k8s-cluster.aws_security_group.worker_group_mgmt_one",
            "module.k8s-cluster.random_string.suffix",
            "module.k8s-cluster.module.vpc.aws_vpc_ipv4_cidr_block_association.this",
            "module.k8s-cluster.module.eks.aws_iam_role_policy_attachment.workers_AmazonEKS_CNI_Policy",
            "module.k8s-cluster.module.eks.aws_iam_role_policy_attachment.workers_AmazonEKSWorkerNodePolicy",
            "module.k8s-cluster.module.eks.aws_security_group_rule.workers_ingress_cluster_kubelet",
            "module.k8s-cluster.module.eks.aws_security_group_rule.workers_ingress_cluster_primary",
            "module.k8s-cluster.module.eks.data.aws_iam_policy_document.workers_assume_role_policy",
            "module.k8s-cluster.module.vpc.aws_vpc.this",
            "module.k8s-cluster.module.eks.aws_cloudwatch_log_group.this",
            "module.k8s-cluster.module.eks.data.aws_partition.current",
            "module.k8s-cluster.module.eks.aws_security_group.cluster"
          ],
          "create_before_destroy": true
        }
      ]
    },
    {
      "module": "module.k8s-cluster.module.eks",
      "mode": "managed",
      "type": "aws_security_group",
      "name": "cluster",
      "provider": "provider[\"registry.terraform.io/hashicorp/aws\"]",
      "instances": [
        {
          "index_key": 0,
          "schema_version": 1,
          "attributes": {
            "arn": "arn:aws:ec2:eu-west-1:553686865554:security-group/sg-0e0324ed242a6265b",
            "description": "EKS cluster security group.",
            "egress": [
              {
                "cidr_blocks": [
                  "0.0.0.0/0"
                ],
                "description": "Allow cluster egress access to the Internet.",
                "from_port": 0,
                "ipv6_cidr_blocks": [],
                "prefix_list_ids": [],
                "protocol": "-1",
                "security_groups": [],
                "self": false,
                "to_port": 0
              }
            ],
            "id": "sg-0e0324ed242a6265b",
            "ingress": [
              {
                "cidr_blocks": [],
                "description": "Allow pods to communicate with the EKS cluster API.",
                "from_port": 443,
                "ipv6_cidr_blocks": [],
                "prefix_list_ids": [],
                "protocol": "tcp",
                "security_groups": [
                  "sg-0c971ead5d63161c8"
                ],
                "self": false,
                "to_port": 443
              }
            ],
            "name": "aharon-eks-26Hbn35f2021062222123889590000000a",
            "name_prefix": "aharon-eks-26Hbn35f",
            "owner_id": "553686865554",
            "revoke_rules_on_delete": false,
            "tags": {
              "Environment": "aharon-demo",
              "Name": "aharon-eks-26Hbn35f-eks_cluster_sg"
            },
            "tags_all": {
              "Environment": "aharon-demo",
              "Name": "aharon-eks-26Hbn35f-eks_cluster_sg"
            },
            "timeouts": null,
            "vpc_id": "vpc-011bb222aeb9669c2"
          },
          "sensitive_attributes": [],
          "private": "eyJlMmJmYjczMC1lY2FhLTExZTYtOGY4OC0zNDM2M2JjN2M0YzAiOnsiY3JlYXRlIjo2MDAwMDAwMDAwMDAsImRlbGV0ZSI6OTAwMDAwMDAwMDAwfSwic2NoZW1hX3ZlcnNpb24iOiIxIn0=",
          "dependencies": [
            "module.k8s-cluster.module.vpc.aws_vpc.this",
            "module.k8s-cluster.random_string.suffix"
          ],
          "create_before_destroy": true
        }
      ]
    },
    {
      "module": "module.k8s-cluster.module.eks",
      "mode": "managed",
      "type": "aws_security_group",
      "name": "workers",
      "provider": "provider[\"registry.terraform.io/hashicorp/aws\"]",
      "instances": [
        {
          "index_key": 0,
          "schema_version": 1,
          "attributes": {
            "arn": "arn:aws:ec2:eu-west-1:553686865554:security-group/sg-0c971ead5d63161c8",
            "description": "Security group for all nodes in the cluster.",
            "egress": [
              {
                "cidr_blocks": [
                  "0.0.0.0/0"
                ],
                "description": "Allow nodes all egress to the Internet.",
                "from_port": 0,
                "ipv6_cidr_blocks": [],
                "prefix_list_ids": [],
                "protocol": "-1",
                "security_groups": [],
                "self": false,
                "to_port": 0
              }
            ],
            "id": "sg-0c971ead5d63161c8",
            "ingress": [
              {
                "cidr_blocks": [
                  "0.0.0.0/0"
                ],
                "description": "kubernetes.io/rule/nlb/client=a86906eb1dab54b9a8ace843f250b782",
                "from_port": 30701,
                "ipv6_cidr_blocks": [],
                "prefix_list_ids": [],
                "protocol": "tcp",
                "security_groups": [],
                "self": false,
                "to_port": 30701
              },
              {
                "cidr_blocks": [
                  "0.0.0.0/0"
                ],
                "description": "kubernetes.io/rule/nlb/client=a86906eb1dab54b9a8ace843f250b782",
                "from_port": 31772,
                "ipv6_cidr_blocks": [],
                "prefix_list_ids": [],
                "protocol": "tcp",
                "security_groups": [],
                "self": false,
                "to_port": 31772
              },
              {
                "cidr_blocks": [
                  "0.0.0.0/0"
                ],
                "description": "kubernetes.io/rule/nlb/mtu",
                "from_port": 3,
                "ipv6_cidr_blocks": [],
                "prefix_list_ids": [],
                "protocol": "icmp",
                "security_groups": [],
                "self": false,
                "to_port": 4
              },
              {
                "cidr_blocks": [
                  "10.0.5.0/24",
                  "10.0.4.0/24",
                  "10.0.6.0/24"
                ],
                "description": "kubernetes.io/rule/nlb/health=a86906eb1dab54b9a8ace843f250b782",
                "from_port": 31535,
                "ipv6_cidr_blocks": [],
                "prefix_list_ids": [],
                "protocol": "tcp",
                "security_groups": [],
                "self": false,
                "to_port": 31535
              },
              {
                "cidr_blocks": [],
                "description": "Allow node to communicate with each other.",
                "from_port": 0,
                "ipv6_cidr_blocks": [],
                "prefix_list_ids": [],
                "protocol": "-1",
                "security_groups": [],
                "self": true,
                "to_port": 0
              },
              {
                "cidr_blocks": [],
                "description": "Allow pods running extension API servers on port 443 to receive communication from cluster control plane.",
                "from_port": 443,
                "ipv6_cidr_blocks": [],
                "prefix_list_ids": [],
                "protocol": "tcp",
                "security_groups": [
                  "sg-0e0324ed242a6265b"
                ],
                "self": false,
                "to_port": 443
              },
              {
                "cidr_blocks": [],
                "description": "Allow workers pods to receive communication from the cluster control plane.",
                "from_port": 1025,
                "ipv6_cidr_blocks": [],
                "prefix_list_ids": [],
                "protocol": "tcp",
                "security_groups": [
                  "sg-0e0324ed242a6265b"
                ],
                "self": false,
                "to_port": 65535
              }
            ],
            "name": "aharon-eks-26Hbn35f2021062222123892550000000b",
            "name_prefix": "aharon-eks-26Hbn35f",
            "owner_id": "553686865554",
            "revoke_rules_on_delete": false,
            "tags": {
              "Environment": "aharon-demo",
              "Name": "aharon-eks-26Hbn35f-eks_worker_sg",
              "kubernetes.io/cluster/aharon-eks-26Hbn35f": "owned"
            },
            "tags_all": {
              "Environment": "aharon-demo",
              "Name": "aharon-eks-26Hbn35f-eks_worker_sg",
              "kubernetes.io/cluster/aharon-eks-26Hbn35f": "owned"
            },
            "timeouts": null,
            "vpc_id": "vpc-011bb222aeb9669c2"
          },
          "sensitive_attributes": [],
          "private": "eyJlMmJmYjczMC1lY2FhLTExZTYtOGY4OC0zNDM2M2JjN2M0YzAiOnsiY3JlYXRlIjo2MDAwMDAwMDAwMDAsImRlbGV0ZSI6OTAwMDAwMDAwMDAwfSwic2NoZW1hX3ZlcnNpb24iOiIxIn0=",
          "dependencies": [
            "module.k8s-cluster.module.vpc.aws_vpc.this",
            "module.k8s-cluster.random_string.suffix"
          ],
          "create_before_destroy": true
        }
      ]
    },
    {
      "module": "module.k8s-cluster.module.eks",
      "mode": "managed",
      "type": "aws_security_group_rule",
      "name": "cluster_egress_internet",
      "provider": "provider[\"registry.terraform.io/hashicorp/aws\"]",
      "instances": [
        {
          "index_key": 0,
          "schema_version": 2,
          "attributes": {
            "cidr_blocks": [
              "0.0.0.0/0"
            ],
            "description": "Allow cluster egress access to the Internet.",
            "from_port": 0,
            "id": "sgrule-4026333515",
            "ipv6_cidr_blocks": [],
            "prefix_list_ids": [],
            "protocol": "-1",
            "security_group_id": "sg-0e0324ed242a6265b",
            "self": false,
            "source_security_group_id": null,
            "to_port": 0,
            "type": "egress"
          },
          "sensitive_attributes": [],
          "private": "eyJzY2hlbWFfdmVyc2lvbiI6IjIifQ==",
          "dependencies": [
            "module.k8s-cluster.module.eks.aws_security_group.cluster",
            "module.k8s-cluster.module.vpc.aws_vpc.this",
            "module.k8s-cluster.random_string.suffix"
          ],
          "create_before_destroy": true
        }
      ]
    },
    {
      "module": "module.k8s-cluster.module.eks",
      "mode": "managed",
      "type": "aws_security_group_rule",
      "name": "cluster_https_worker_ingress",
      "provider": "provider[\"registry.terraform.io/hashicorp/aws\"]",
      "instances": [
        {
          "index_key": 0,
          "schema_version": 2,
          "attributes": {
            "cidr_blocks": [],
            "description": "Allow pods to communicate with the EKS cluster API.",
            "from_port": 443,
            "id": "sgrule-4228277443",
            "ipv6_cidr_blocks": [],
            "prefix_list_ids": [],
            "protocol": "tcp",
            "security_group_id": "sg-0e0324ed242a6265b",
            "self": false,
            "source_security_group_id": "sg-0c971ead5d63161c8",
            "to_port": 443,
            "type": "ingress"
          },
          "sensitive_attributes": [],
          "private": "eyJzY2hlbWFfdmVyc2lvbiI6IjIifQ==",
          "dependencies": [
            "module.k8s-cluster.module.eks.aws_security_group.cluster",
            "module.k8s-cluster.module.eks.aws_security_group.workers",
            "module.k8s-cluster.module.vpc.aws_vpc.this",
            "module.k8s-cluster.random_string.suffix"
          ],
          "create_before_destroy": true
        }
      ]
    },
    {
      "module": "module.k8s-cluster.module.eks",
      "mode": "managed",
      "type": "aws_security_group_rule",
      "name": "workers_egress_internet",
      "provider": "provider[\"registry.terraform.io/hashicorp/aws\"]",
      "instances": [
        {
          "index_key": 0,
          "schema_version": 2,
          "attributes": {
            "cidr_blocks": [
              "0.0.0.0/0"
            ],
            "description": "Allow nodes all egress to the Internet.",
            "from_port": 0,
            "id": "sgrule-2037546015",
            "ipv6_cidr_blocks": [],
            "prefix_list_ids": [],
            "protocol": "-1",
            "security_group_id": "sg-0c971ead5d63161c8",
            "self": false,
            "source_security_group_id": null,
            "to_port": 0,
            "type": "egress"
          },
          "sensitive_attributes": [],
          "private": "eyJzY2hlbWFfdmVyc2lvbiI6IjIifQ==",
          "dependencies": [
            "module.k8s-cluster.module.eks.aws_security_group.workers",
            "module.k8s-cluster.module.vpc.aws_vpc.this",
            "module.k8s-cluster.random_string.suffix"
          ],
          "create_before_destroy": true
        }
      ]
    },
    {
      "module": "module.k8s-cluster.module.eks",
      "mode": "managed",
      "type": "aws_security_group_rule",
      "name": "workers_ingress_cluster",
      "provider": "provider[\"registry.terraform.io/hashicorp/aws\"]",
      "instances": [
        {
          "index_key": 0,
          "schema_version": 2,
          "attributes": {
            "cidr_blocks": [],
            "description": "Allow workers pods to receive communication from the cluster control plane.",
            "from_port": 1025,
            "id": "sgrule-2359018967",
            "ipv6_cidr_blocks": [],
            "prefix_list_ids": [],
            "protocol": "tcp",
            "security_group_id": "sg-0c971ead5d63161c8",
            "self": false,
            "source_security_group_id": "sg-0e0324ed242a6265b",
            "to_port": 65535,
            "type": "ingress"
          },
          "sensitive_attributes": [],
          "private": "eyJzY2hlbWFfdmVyc2lvbiI6IjIifQ==",
          "dependencies": [
            "module.k8s-cluster.module.eks.aws_security_group.cluster",
            "module.k8s-cluster.module.eks.aws_security_group.workers",
            "module.k8s-cluster.module.vpc.aws_vpc.this",
            "module.k8s-cluster.random_string.suffix"
          ],
          "create_before_destroy": true
        }
      ]
    },
    {
      "module": "module.k8s-cluster.module.eks",
      "mode": "managed",
      "type": "aws_security_group_rule",
      "name": "workers_ingress_cluster_https",
      "provider": "provider[\"registry.terraform.io/hashicorp/aws\"]",
      "instances": [
        {
          "index_key": 0,
          "schema_version": 2,
          "attributes": {
            "cidr_blocks": [],
            "description": "Allow pods running extension API servers on port 443 to receive communication from cluster control plane.",
            "from_port": 443,
            "id": "sgrule-1940411638",
            "ipv6_cidr_blocks": [],
            "prefix_list_ids": [],
            "protocol": "tcp",
            "security_group_id": "sg-0c971ead5d63161c8",
            "self": false,
            "source_security_group_id": "sg-0e0324ed242a6265b",
            "to_port": 443,
            "type": "ingress"
          },
          "sensitive_attributes": [],
          "private": "eyJzY2hlbWFfdmVyc2lvbiI6IjIifQ==",
          "dependencies": [
            "module.k8s-cluster.module.vpc.aws_vpc.this",
            "module.k8s-cluster.random_string.suffix",
            "module.k8s-cluster.module.eks.aws_security_group.cluster",
            "module.k8s-cluster.module.eks.aws_security_group.workers"
          ],
          "create_before_destroy": true
        }
      ]
    },
    {
      "module": "module.k8s-cluster.module.eks",
      "mode": "managed",
      "type": "aws_security_group_rule",
      "name": "workers_ingress_self",
      "provider": "provider[\"registry.terraform.io/hashicorp/aws\"]",
      "instances": [
        {
          "index_key": 0,
          "schema_version": 2,
          "attributes": {
            "cidr_blocks": [],
            "description": "Allow node to communicate with each other.",
            "from_port": 0,
            "id": "sgrule-646622039",
            "ipv6_cidr_blocks": [],
            "prefix_list_ids": [],
            "protocol": "-1",
            "security_group_id": "sg-0c971ead5d63161c8",
            "self": false,
            "source_security_group_id": "sg-0c971ead5d63161c8",
            "to_port": 0,
            "type": "ingress"
          },
          "sensitive_attributes": [],
          "private": "eyJzY2hlbWFfdmVyc2lvbiI6IjIifQ==",
          "dependencies": [
            "module.k8s-cluster.module.eks.aws_security_group.workers",
            "module.k8s-cluster.module.vpc.aws_vpc.this",
            "module.k8s-cluster.random_string.suffix"
          ],
          "create_before_destroy": true
        }
      ]
    },
    {
      "module": "module.k8s-cluster.module.eks",
      "mode": "managed",
      "type": "kubernetes_config_map",
      "name": "aws_auth",
      "provider": "module.k8s-cluster.provider[\"registry.terraform.io/hashicorp/kubernetes\"]",
      "instances": [
        {
          "index_key": 0,
          "schema_version": 0,
          "attributes": {
            "binary_data": {},
            "data": {
              "mapAccounts": "[]\n",
              "mapRoles": "- \"groups\":\n  - \"system:bootstrappers\"\n  - \"system:nodes\"\n  \"rolearn\": \"arn:aws:iam::553686865554:role/aharon-eks-26Hbn35f2021062222234008180000000c\"\n  \"username\": \"system:node:{{EC2PrivateDNSName}}\"\n",
              "mapUsers": "[]\n"
            },
            "id": "kube-system/aws-auth",
            "metadata": [
              {
                "annotations": {},
                "generate_name": "",
                "generation": 0,
                "labels": {
                  "app.kubernetes.io/managed-by": "Terraform",
                  "terraform.io/module": "terraform-aws-modules.eks.aws"
                },
                "name": "aws-auth",
                "namespace": "kube-system",
                "resource_version": "796",
                "uid": "0b5d1bc3-91dd-45b9-986c-abaffc5ac5cc"
              }
            ]
          },
          "sensitive_attributes": [],
          "private": "bnVsbA==",
          "dependencies": [
            "module.k8s-cluster.module.eks.aws_iam_role.workers",
            "module.k8s-cluster.module.eks.aws_security_group_rule.cluster_https_worker_ingress",
            "module.k8s-cluster.module.eks.data.aws_iam_instance_profile.custom_worker_group_iam_instance_profile",
            "module.k8s-cluster.module.eks.aws_iam_role_policy_attachment.cluster_AmazonEKSServicePolicy",
            "module.k8s-cluster.module.eks.aws_security_group.workers",
            "module.k8s-cluster.module.eks.aws_security_group_rule.cluster_egress_internet",
            "module.k8s-cluster.module.eks.aws_security_group_rule.cluster_private_access_sg_source",
            "module.k8s-cluster.module.eks.data.http.wait_for_cluster",
            "module.k8s-cluster.module.eks.aws_eks_cluster.this",
            "module.k8s-cluster.module.eks.aws_iam_role_policy_attachment.cluster_AmazonEKSVPCResourceControllerPolicy",
            "module.k8s-cluster.module.eks.data.aws_iam_policy_document.workers_assume_role_policy",
            "module.k8s-cluster.module.eks.data.aws_iam_role.custom_cluster_iam_role",
            "module.k8s-cluster.module.vpc.aws_vpc_ipv4_cidr_block_association.this",
            "module.k8s-cluster.module.eks.aws_security_group_rule.cluster_private_access_cidrs_source",
            "module.k8s-cluster.module.vpc.aws_subnet.private",
            "module.k8s-cluster.aws_security_group.worker_group_mgmt_one",
            "module.k8s-cluster.data.aws_eks_cluster.cluster",
            "module.k8s-cluster.module.eks.aws_cloudwatch_log_group.this",
            "module.k8s-cluster.module.eks.aws_iam_role.cluster",
            "module.k8s-cluster.module.eks.data.aws_partition.current",
            "module.k8s-cluster.module.vpc.aws_vpc.this",
            "module.k8s-cluster.module.eks.aws_iam_instance_profile.workers",
            "module.k8s-cluster.module.eks.aws_iam_instance_profile.workers_launch_template",
            "module.k8s-cluster.module.eks.aws_iam_role_policy_attachment.cluster_AmazonEKSClusterPolicy",
            "module.k8s-cluster.module.eks.data.aws_ami.eks_worker_windows",
            "module.k8s-cluster.module.eks.data.aws_caller_identity.current",
            "module.k8s-cluster.random_string.suffix",
            "module.k8s-cluster.module.eks.aws_security_group.cluster",
            "module.k8s-cluster.module.eks.data.aws_ami.eks_worker",
            "module.k8s-cluster.module.eks.data.aws_iam_instance_profile.custom_worker_group_launch_template_iam_instance_profile",
            "module.k8s-cluster.module.eks.module.fargate.data.aws_iam_policy_document.eks_fargate_pod_assume_role",
            "module.k8s-cluster.module.eks.module.fargate.data.aws_iam_role.custom_fargate_iam_role",
            "module.k8s-cluster.aws_security_group.worker_group_mgmt_two",
            "module.k8s-cluster.data.aws_availability_zones.available",
            "module.k8s-cluster.module.eks.data.aws_iam_policy_document.cluster_assume_role_policy",
            "module.k8s-cluster.module.eks.module.fargate.aws_iam_role.eks_fargate_pod"
          ],
          "create_before_destroy": true
        }
      ]
    },
    {
      "module": "module.k8s-cluster.module.eks",
      "mode": "managed",
      "type": "local_file",
      "name": "kubeconfig",
      "provider": "provider[\"registry.terraform.io/hashicorp/local\"]",
      "instances": [
        {
          "index_key": 0,
          "schema_version": 0,
          "attributes": {
            "content": "apiVersion: v1\npreferences: {}\nkind: Config\n\nclusters:\n- cluster:\n    server: https://CF15F0ED16B33517474A61880BEE386F.gr7.eu-west-1.eks.amazonaws.com\n    certificate-authority-data: LS0tLS1CRUdJTiBDRVJUSUZJQ0FURS0tLS0tCk1JSUM1ekNDQWMrZ0F3SUJBZ0lCQURBTkJna3Foa2lHOXcwQkFRc0ZBREFWTVJNd0VRWURWUVFERXdwcmRXSmwKY201bGRHVnpNQjRYRFRJeE1EWXlNakl5TVRrMU1Wb1hEVE14TURZeU1ESXlNVGsxTVZvd0ZURVRNQkVHQTFVRQpBeE1LYTNWaVpYSnVaWFJsY3pDQ0FTSXdEUVlKS29aSWh2Y05BUUVCQlFBRGdnRVBBRENDQVFvQ2dnRUJBSjVPCkxPV1BGMXlFNHkzbXFqWlFNSGt1MmhuaHNITUJObDBvdEdRNlpJellla1JPS1ZkcHdYOTArd21WZklySFNqUHQKNFM2STF2T2Y3Njl1ZGZZVEFjV0xnRHA1L1VsNXI4aTB1bUZsWncrVGZrQmRMZmZBMGh0ZWZBclJRS0ZpazlOawpWNDR0UzIzdFdobGVsUzVlQWxFaTVBbytOSUo4eEtQM0FPTENnbVFJS0R5MVpqNzY4aFExQzRRSGlVbmREOW96Cnk2azBIeVN1OGhNVUVVQmNCMVhKbVJKeGxPNVFZTzJtVENMbVBoWkRFWmpSU0lmRTR4Und5dFZJK0kvSmtBRlcKVkJKVFdiN1VtbUlSWklteHYrVFZBVitzUnl0VTBoM285WDZmVlBreXZtV2ZDUVFqaEJicHFhNGsxbTZWNHJENgpyRTF0OUV2aHlNb3NGMFcxYmhjQ0F3RUFBYU5DTUVBd0RnWURWUjBQQVFIL0JBUURBZ0trTUE4R0ExVWRFd0VCCi93UUZNQU1CQWY4d0hRWURWUjBPQkJZRUZBaEtQRnNqc04yQ2VONDRlZGwzcC91dGRDeDdNQTBHQ1NxR1NJYjMKRFFFQkN3VUFBNElCQVFDTVR5QlNibVBsaTAwVmRRMkkwVC8wdGhXWXZoSkFoMjJaTFM1UTlaY1NVbElpdVRGVwpaMmhwa0wrOVA0YnZxa2RvMFpzOFVoY1lrVjExYmhYUmRLT1JGalp2K1lJR1lBMGEwMEh2MTNwSXFwK0tDaExuCk1QalhVdUVYZERGQVV3MDhOb1Vwd1h1VVZ5VkZjWEs0dmpOT2NoTW1VVG55QUw2TXVhYlB6ZTF3aXZWMytUMWMKczhXRWYxMGU5VG1tYmxzZHB2NUpLL2lBa3pjdmZidTlNdUpjcFhLamlPaWQ2UzdiWU1pNEtid2Z5OVlnQmV6VQp6MTVNcWt2eXRPZjZKOUlRUUxGQVE0M0Nhb3o4dWp6QStNVmNNVTg2QWM3RFBiVzVDQ05xYWFmaGQwMndOTFNvCmdGT1c3MlJueWlsOVBCcGNCbVg2Nzl2enRvM3haNmY3Y2YwKwotLS0tLUVORCBDRVJUSUZJQ0FURS0tLS0tCg==\n  name: eks_aharon-eks-26Hbn35f\n\ncontexts:\n- context:\n    cluster: eks_aharon-eks-26Hbn35f\n    user: eks_aharon-eks-26Hbn35f\n  name: eks_aharon-eks-26Hbn35f\n\ncurrent-context: eks_aharon-eks-26Hbn35f\n\nusers:\n- name: eks_aharon-eks-26Hbn35f\n  user:\n    exec:\n      apiVersion: client.authentication.k8s.io/v1alpha1\n      command: aws-iam-authenticator\n      args:\n        - \"token\"\n        - \"-i\"\n        - \"aharon-eks-26Hbn35f\"\n",
            "content_base64": null,
            "directory_permission": "0755",
            "file_permission": "0600",
            "filename": "./kubeconfig_aharon-eks-26Hbn35f",
            "id": "9f6532d08f18d2a1d34b427277890008d982e93d",
            "sensitive_content": null,
            "source": null
          },
          "sensitive_attributes": [],
          "private": "bnVsbA==",
          "dependencies": [
            "module.k8s-cluster.module.eks.aws_cloudwatch_log_group.this",
            "module.k8s-cluster.module.eks.aws_iam_role_policy_attachment.cluster_AmazonEKSClusterPolicy",
            "module.k8s-cluster.module.vpc.aws_vpc.this",
            "module.k8s-cluster.module.eks.aws_iam_role.cluster",
            "module.k8s-cluster.module.vpc.aws_subnet.private",
            "module.k8s-cluster.module.eks.data.aws_partition.current",
            "module.k8s-cluster.data.aws_availability_zones.available",
            "module.k8s-cluster.module.eks.aws_eks_cluster.this",
            "module.k8s-cluster.module.eks.aws_iam_role_policy_attachment.cluster_AmazonEKSServicePolicy",
            "module.k8s-cluster.module.eks.aws_security_group.cluster",
            "module.k8s-cluster.module.eks.aws_security_group_rule.cluster_egress_internet",
            "module.k8s-cluster.module.eks.data.aws_iam_policy_document.cluster_assume_role_policy",
            "module.k8s-cluster.module.eks.data.aws_iam_role.custom_cluster_iam_role",
            "module.k8s-cluster.random_string.suffix",
            "module.k8s-cluster.module.eks.aws_iam_role_policy_attachment.cluster_AmazonEKSVPCResourceControllerPolicy",
            "module.k8s-cluster.module.eks.aws_security_group.workers",
            "module.k8s-cluster.module.eks.aws_security_group_rule.cluster_https_worker_ingress",
            "module.k8s-cluster.module.vpc.aws_vpc_ipv4_cidr_block_association.this"
          ]
        }
      ]
    },
    {
      "module": "module.k8s-cluster.module.vpc",
      "mode": "managed",
      "type": "aws_eip",
      "name": "nat",
      "provider": "provider[\"registry.terraform.io/hashicorp/aws\"]",
      "instances": [
        {
          "index_key": 0,
          "schema_version": 0,
          "attributes": {
            "address": null,
            "allocation_id": null,
            "associate_with_private_ip": null,
            "association_id": "eipassoc-09b14491f78702007",
            "carrier_ip": "",
            "customer_owned_ip": "",
            "customer_owned_ipv4_pool": "",
            "domain": "vpc",
            "id": "eipalloc-0c3cdfeb7a71a49a9",
            "instance": "",
            "network_border_group": "eu-west-1",
            "network_interface": "eni-096643dec57359407",
            "private_dns": "ip-10-0-4-164.eu-west-1.compute.internal",
            "private_ip": "10.0.4.164",
            "public_dns": "ec2-54-155-35-220.eu-west-1.compute.amazonaws.com",
            "public_ip": "54.155.35.220",
            "public_ipv4_pool": "amazon",
            "tags": {
              "Name": "eks-vpc-eu-west-1a",
              "kubernetes.io/cluster/aharon-eks-26Hbn35f": "shared"
            },
            "tags_all": {
              "Name": "eks-vpc-eu-west-1a",
              "kubernetes.io/cluster/aharon-eks-26Hbn35f": "shared"
            },
            "timeouts": null,
            "vpc": true
          },
          "sensitive_attributes": [],
          "private": "eyJlMmJmYjczMC1lY2FhLTExZTYtOGY4OC0zNDM2M2JjN2M0YzAiOnsiZGVsZXRlIjoxODAwMDAwMDAwMDAsInJlYWQiOjkwMDAwMDAwMDAwMCwidXBkYXRlIjozMDAwMDAwMDAwMDB9fQ==",
          "dependencies": [
            "module.k8s-cluster.data.aws_availability_zones.available",
            "module.k8s-cluster.random_string.suffix"
          ]
        }
      ]
    },
    {
      "module": "module.k8s-cluster.module.vpc",
      "mode": "managed",
      "type": "aws_internet_gateway",
      "name": "this",
      "provider": "provider[\"registry.terraform.io/hashicorp/aws\"]",
      "instances": [
        {
          "index_key": 0,
          "schema_version": 0,
          "attributes": {
            "arn": "arn:aws:ec2:eu-west-1:553686865554:internet-gateway/igw-09f3bccd0a9ff0378",
            "id": "igw-09f3bccd0a9ff0378",
            "owner_id": "553686865554",
            "tags": {
              "Name": "eks-vpc",
              "kubernetes.io/cluster/aharon-eks-26Hbn35f": "shared"
            },
            "tags_all": {
              "Name": "eks-vpc",
              "kubernetes.io/cluster/aharon-eks-26Hbn35f": "shared"
            },
            "vpc_id": "vpc-011bb222aeb9669c2"
          },
          "sensitive_attributes": [],
          "private": "bnVsbA==",
          "dependencies": [
            "module.k8s-cluster.module.vpc.aws_vpc.this",
            "module.k8s-cluster.module.vpc.aws_vpc_ipv4_cidr_block_association.this",
            "module.k8s-cluster.random_string.suffix"
          ]
        }
      ]
    },
    {
      "module": "module.k8s-cluster.module.vpc",
      "mode": "managed",
      "type": "aws_nat_gateway",
      "name": "this",
      "provider": "provider[\"registry.terraform.io/hashicorp/aws\"]",
      "instances": [
        {
          "index_key": 0,
          "schema_version": 0,
          "attributes": {
            "allocation_id": "eipalloc-0c3cdfeb7a71a49a9",
            "connectivity_type": "public",
            "id": "nat-03d08c300eeecd371",
            "network_interface_id": "eni-096643dec57359407",
            "private_ip": "10.0.4.164",
            "public_ip": "54.155.35.220",
            "subnet_id": "subnet-08d16d2f8baba9698",
            "tags": {
              "Name": "eks-vpc-eu-west-1a",
              "kubernetes.io/cluster/aharon-eks-26Hbn35f": "shared"
            },
            "tags_all": {
              "Name": "eks-vpc-eu-west-1a",
              "kubernetes.io/cluster/aharon-eks-26Hbn35f": "shared"
            }
          },
          "sensitive_attributes": [],
          "private": "bnVsbA==",
          "dependencies": [
            "module.k8s-cluster.data.aws_availability_zones.available",
            "module.k8s-cluster.module.vpc.aws_eip.nat",
            "module.k8s-cluster.module.vpc.aws_internet_gateway.this",
            "module.k8s-cluster.module.vpc.aws_subnet.public",
            "module.k8s-cluster.module.vpc.aws_vpc.this",
            "module.k8s-cluster.module.vpc.aws_vpc_ipv4_cidr_block_association.this",
            "module.k8s-cluster.random_string.suffix"
          ]
        }
      ]
    },
    {
      "module": "module.k8s-cluster.module.vpc",
      "mode": "managed",
      "type": "aws_route",
      "name": "private_nat_gateway",
      "provider": "provider[\"registry.terraform.io/hashicorp/aws\"]",
      "instances": [
        {
          "index_key": 0,
          "schema_version": 0,
          "attributes": {
            "carrier_gateway_id": "",
            "destination_cidr_block": "0.0.0.0/0",
            "destination_ipv6_cidr_block": "",
            "destination_prefix_list_id": "",
            "egress_only_gateway_id": "",
            "gateway_id": "",
            "id": "r-rtb-0b7068b149f16adea1080289494",
            "instance_id": "",
            "instance_owner_id": "",
            "local_gateway_id": "",
            "nat_gateway_id": "nat-03d08c300eeecd371",
            "network_interface_id": "",
            "origin": "CreateRoute",
            "route_table_id": "rtb-0b7068b149f16adea",
            "state": "active",
            "timeouts": {
              "create": "5m",
              "delete": null
            },
            "transit_gateway_id": "",
            "vpc_endpoint_id": "",
            "vpc_peering_connection_id": ""
          },
          "sensitive_attributes": [],
          "private": "eyJlMmJmYjczMC1lY2FhLTExZTYtOGY4OC0zNDM2M2JjN2M0YzAiOnsiY3JlYXRlIjozMDAwMDAwMDAwMDAsImRlbGV0ZSI6MzAwMDAwMDAwMDAwfX0=",
          "dependencies": [
            "module.k8s-cluster.module.vpc.aws_subnet.public",
            "module.k8s-cluster.module.vpc.aws_vpc.this",
            "module.k8s-cluster.module.vpc.aws_vpc_ipv4_cidr_block_association.this",
            "module.k8s-cluster.module.vpc.aws_eip.nat",
            "module.k8s-cluster.module.vpc.aws_internet_gateway.this",
            "module.k8s-cluster.module.vpc.aws_nat_gateway.this",
            "module.k8s-cluster.data.aws_availability_zones.available",
            "module.k8s-cluster.module.vpc.aws_route_table.private",
            "module.k8s-cluster.random_string.suffix"
          ]
        }
      ]
    },
    {
      "module": "module.k8s-cluster.module.vpc",
      "mode": "managed",
      "type": "aws_route",
      "name": "public_internet_gateway",
      "provider": "provider[\"registry.terraform.io/hashicorp/aws\"]",
      "instances": [
        {
          "index_key": 0,
          "schema_version": 0,
          "attributes": {
            "carrier_gateway_id": "",
            "destination_cidr_block": "0.0.0.0/0",
            "destination_ipv6_cidr_block": "",
            "destination_prefix_list_id": "",
            "egress_only_gateway_id": "",
            "gateway_id": "igw-09f3bccd0a9ff0378",
            "id": "r-rtb-05745018c3910f0481080289494",
            "instance_id": "",
            "instance_owner_id": "",
            "local_gateway_id": "",
            "nat_gateway_id": "",
            "network_interface_id": "",
            "origin": "CreateRoute",
            "route_table_id": "rtb-05745018c3910f048",
            "state": "active",
            "timeouts": {
              "create": "5m",
              "delete": null
            },
            "transit_gateway_id": "",
            "vpc_endpoint_id": "",
            "vpc_peering_connection_id": ""
          },
          "sensitive_attributes": [],
          "private": "eyJlMmJmYjczMC1lY2FhLTExZTYtOGY4OC0zNDM2M2JjN2M0YzAiOnsiY3JlYXRlIjozMDAwMDAwMDAwMDAsImRlbGV0ZSI6MzAwMDAwMDAwMDAwfX0=",
          "dependencies": [
            "module.k8s-cluster.module.vpc.aws_internet_gateway.this",
            "module.k8s-cluster.module.vpc.aws_route_table.public",
            "module.k8s-cluster.module.vpc.aws_vpc.this",
            "module.k8s-cluster.module.vpc.aws_vpc_ipv4_cidr_block_association.this",
            "module.k8s-cluster.random_string.suffix"
          ]
        }
      ]
    },
    {
      "module": "module.k8s-cluster.module.vpc",
      "mode": "managed",
      "type": "aws_route_table",
      "name": "private",
      "provider": "provider[\"registry.terraform.io/hashicorp/aws\"]",
      "instances": [
        {
          "index_key": 0,
          "schema_version": 0,
          "attributes": {
            "arn": "arn:aws:ec2:eu-west-1:553686865554:route-table/rtb-0b7068b149f16adea",
            "id": "rtb-0b7068b149f16adea",
            "owner_id": "553686865554",
            "propagating_vgws": [],
            "route": [
              {
                "carrier_gateway_id": "",
                "cidr_block": "0.0.0.0/0",
                "destination_prefix_list_id": "",
                "egress_only_gateway_id": "",
                "gateway_id": "",
                "instance_id": "",
                "ipv6_cidr_block": "",
                "local_gateway_id": "",
                "nat_gateway_id": "nat-03d08c300eeecd371",
                "network_interface_id": "",
                "transit_gateway_id": "",
                "vpc_endpoint_id": "",
                "vpc_peering_connection_id": ""
              }
            ],
            "tags": {
              "Name": "eks-vpc-private",
              "kubernetes.io/cluster/aharon-eks-26Hbn35f": "shared"
            },
            "tags_all": {
              "Name": "eks-vpc-private",
              "kubernetes.io/cluster/aharon-eks-26Hbn35f": "shared"
            },
            "vpc_id": "vpc-011bb222aeb9669c2"
          },
          "sensitive_attributes": [],
          "private": "bnVsbA==",
          "dependencies": [
            "module.k8s-cluster.data.aws_availability_zones.available",
            "module.k8s-cluster.module.vpc.aws_vpc.this",
            "module.k8s-cluster.module.vpc.aws_vpc_ipv4_cidr_block_association.this",
            "module.k8s-cluster.random_string.suffix"
          ]
        }
      ]
    },
    {
      "module": "module.k8s-cluster.module.vpc",
      "mode": "managed",
      "type": "aws_route_table",
      "name": "public",
      "provider": "provider[\"registry.terraform.io/hashicorp/aws\"]",
      "instances": [
        {
          "index_key": 0,
          "schema_version": 0,
          "attributes": {
            "arn": "arn:aws:ec2:eu-west-1:553686865554:route-table/rtb-05745018c3910f048",
            "id": "rtb-05745018c3910f048",
            "owner_id": "553686865554",
            "propagating_vgws": [],
            "route": [
              {
                "carrier_gateway_id": "",
                "cidr_block": "0.0.0.0/0",
                "destination_prefix_list_id": "",
                "egress_only_gateway_id": "",
                "gateway_id": "igw-09f3bccd0a9ff0378",
                "instance_id": "",
                "ipv6_cidr_block": "",
                "local_gateway_id": "",
                "nat_gateway_id": "",
                "network_interface_id": "",
                "transit_gateway_id": "",
                "vpc_endpoint_id": "",
                "vpc_peering_connection_id": ""
              }
            ],
            "tags": {
              "Name": "eks-vpc-public",
              "kubernetes.io/cluster/aharon-eks-26Hbn35f": "shared"
            },
            "tags_all": {
              "Name": "eks-vpc-public",
              "kubernetes.io/cluster/aharon-eks-26Hbn35f": "shared"
            },
            "vpc_id": "vpc-011bb222aeb9669c2"
          },
          "sensitive_attributes": [],
          "private": "bnVsbA==",
          "dependencies": [
            "module.k8s-cluster.module.vpc.aws_vpc.this",
            "module.k8s-cluster.module.vpc.aws_vpc_ipv4_cidr_block_association.this",
            "module.k8s-cluster.random_string.suffix"
          ]
        }
      ]
    },
    {
      "module": "module.k8s-cluster.module.vpc",
      "mode": "managed",
      "type": "aws_route_table_association",
      "name": "private",
      "provider": "provider[\"registry.terraform.io/hashicorp/aws\"]",
      "instances": [
        {
          "index_key": 0,
          "schema_version": 0,
          "attributes": {
            "gateway_id": null,
            "id": "rtbassoc-0b47a442ae2e90558",
            "route_table_id": "rtb-0b7068b149f16adea",
            "subnet_id": "subnet-0dbc579d2434825f3"
          },
          "sensitive_attributes": [],
          "private": "bnVsbA==",
          "dependencies": [
            "module.k8s-cluster.module.vpc.aws_vpc_ipv4_cidr_block_association.this",
            "module.k8s-cluster.random_string.suffix",
            "module.k8s-cluster.data.aws_availability_zones.available",
            "module.k8s-cluster.module.vpc.aws_route_table.private",
            "module.k8s-cluster.module.vpc.aws_subnet.private",
            "module.k8s-cluster.module.vpc.aws_vpc.this"
          ]
        },
        {
          "index_key": 1,
          "schema_version": 0,
          "attributes": {
            "gateway_id": null,
            "id": "rtbassoc-0f21380731cd23db7",
            "route_table_id": "rtb-0b7068b149f16adea",
            "subnet_id": "subnet-00b9bda1b67aa6984"
          },
          "sensitive_attributes": [],
          "private": "bnVsbA==",
          "dependencies": [
            "module.k8s-cluster.module.vpc.aws_vpc.this",
            "module.k8s-cluster.module.vpc.aws_vpc_ipv4_cidr_block_association.this",
            "module.k8s-cluster.random_string.suffix",
            "module.k8s-cluster.data.aws_availability_zones.available",
            "module.k8s-cluster.module.vpc.aws_route_table.private",
            "module.k8s-cluster.module.vpc.aws_subnet.private"
          ]
        },
        {
          "index_key": 2,
          "schema_version": 0,
          "attributes": {
            "gateway_id": null,
            "id": "rtbassoc-038f9c126fe16b266",
            "route_table_id": "rtb-0b7068b149f16adea",
            "subnet_id": "subnet-04193b509db81e383"
          },
          "sensitive_attributes": [],
          "private": "bnVsbA==",
          "dependencies": [
            "module.k8s-cluster.data.aws_availability_zones.available",
            "module.k8s-cluster.module.vpc.aws_route_table.private",
            "module.k8s-cluster.module.vpc.aws_subnet.private",
            "module.k8s-cluster.module.vpc.aws_vpc.this",
            "module.k8s-cluster.module.vpc.aws_vpc_ipv4_cidr_block_association.this",
            "module.k8s-cluster.random_string.suffix"
          ]
        }
      ]
    },
    {
      "module": "module.k8s-cluster.module.vpc",
      "mode": "managed",
      "type": "aws_route_table_association",
      "name": "public",
      "provider": "provider[\"registry.terraform.io/hashicorp/aws\"]",
      "instances": [
        {
          "index_key": 0,
          "schema_version": 0,
          "attributes": {
            "gateway_id": null,
            "id": "rtbassoc-021276265b31dbf54",
            "route_table_id": "rtb-05745018c3910f048",
            "subnet_id": "subnet-08d16d2f8baba9698"
          },
          "sensitive_attributes": [],
          "private": "bnVsbA==",
          "dependencies": [
            "module.k8s-cluster.data.aws_availability_zones.available",
            "module.k8s-cluster.module.vpc.aws_route_table.public",
            "module.k8s-cluster.module.vpc.aws_subnet.public",
            "module.k8s-cluster.module.vpc.aws_vpc.this",
            "module.k8s-cluster.module.vpc.aws_vpc_ipv4_cidr_block_association.this",
            "module.k8s-cluster.random_string.suffix"
          ]
        },
        {
          "index_key": 1,
          "schema_version": 0,
          "attributes": {
            "gateway_id": null,
            "id": "rtbassoc-0c8855c158ef7e56d",
            "route_table_id": "rtb-05745018c3910f048",
            "subnet_id": "subnet-09f1f65ea273c27de"
          },
          "sensitive_attributes": [],
          "private": "bnVsbA==",
          "dependencies": [
            "module.k8s-cluster.module.vpc.aws_vpc_ipv4_cidr_block_association.this",
            "module.k8s-cluster.random_string.suffix",
            "module.k8s-cluster.data.aws_availability_zones.available",
            "module.k8s-cluster.module.vpc.aws_route_table.public",
            "module.k8s-cluster.module.vpc.aws_subnet.public",
            "module.k8s-cluster.module.vpc.aws_vpc.this"
          ]
        },
        {
          "index_key": 2,
          "schema_version": 0,
          "attributes": {
            "gateway_id": null,
            "id": "rtbassoc-07e889e4db2f0a252",
            "route_table_id": "rtb-05745018c3910f048",
            "subnet_id": "subnet-00bf7084fa776a16d"
          },
          "sensitive_attributes": [],
          "private": "bnVsbA==",
          "dependencies": [
            "module.k8s-cluster.data.aws_availability_zones.available",
            "module.k8s-cluster.module.vpc.aws_route_table.public",
            "module.k8s-cluster.module.vpc.aws_subnet.public",
            "module.k8s-cluster.module.vpc.aws_vpc.this",
            "module.k8s-cluster.module.vpc.aws_vpc_ipv4_cidr_block_association.this",
            "module.k8s-cluster.random_string.suffix"
          ]
        }
      ]
    },
    {
      "module": "module.k8s-cluster.module.vpc",
      "mode": "managed",
      "type": "aws_subnet",
      "name": "private",
      "provider": "provider[\"registry.terraform.io/hashicorp/aws\"]",
      "instances": [
        {
          "index_key": 0,
          "schema_version": 1,
          "attributes": {
            "arn": "arn:aws:ec2:eu-west-1:553686865554:subnet/subnet-0dbc579d2434825f3",
            "assign_ipv6_address_on_creation": false,
            "availability_zone": "eu-west-1a",
            "availability_zone_id": "euw1-az3",
            "cidr_block": "10.0.1.0/24",
            "customer_owned_ipv4_pool": "",
            "id": "subnet-0dbc579d2434825f3",
            "ipv6_cidr_block": "",
            "ipv6_cidr_block_association_id": "",
            "map_customer_owned_ip_on_launch": false,
            "map_public_ip_on_launch": false,
            "outpost_arn": "",
            "owner_id": "553686865554",
            "tags": {
              "Name": "eks-vpc-private-eu-west-1a",
              "kubernetes.io/cluster/aharon-eks-26Hbn35f": "shared",
              "kubernetes.io/role/internal-elb": "1"
            },
            "tags_all": {
              "Name": "eks-vpc-private-eu-west-1a",
              "kubernetes.io/cluster/aharon-eks-26Hbn35f": "shared",
              "kubernetes.io/role/internal-elb": "1"
            },
            "timeouts": null,
            "vpc_id": "vpc-011bb222aeb9669c2"
          },
          "sensitive_attributes": [],
          "private": "eyJlMmJmYjczMC1lY2FhLTExZTYtOGY4OC0zNDM2M2JjN2M0YzAiOnsiY3JlYXRlIjo2MDAwMDAwMDAwMDAsImRlbGV0ZSI6MTIwMDAwMDAwMDAwMH0sInNjaGVtYV92ZXJzaW9uIjoiMSJ9",
          "dependencies": [
            "module.k8s-cluster.module.vpc.aws_vpc.this",
            "module.k8s-cluster.module.vpc.aws_vpc_ipv4_cidr_block_association.this",
            "module.k8s-cluster.random_string.suffix",
            "module.k8s-cluster.data.aws_availability_zones.available"
          ],
          "create_before_destroy": true
        },
        {
          "index_key": 1,
          "schema_version": 1,
          "attributes": {
            "arn": "arn:aws:ec2:eu-west-1:553686865554:subnet/subnet-00b9bda1b67aa6984",
            "assign_ipv6_address_on_creation": false,
            "availability_zone": "eu-west-1b",
            "availability_zone_id": "euw1-az1",
            "cidr_block": "10.0.2.0/24",
            "customer_owned_ipv4_pool": "",
            "id": "subnet-00b9bda1b67aa6984",
            "ipv6_cidr_block": "",
            "ipv6_cidr_block_association_id": "",
            "map_customer_owned_ip_on_launch": false,
            "map_public_ip_on_launch": false,
            "outpost_arn": "",
            "owner_id": "553686865554",
            "tags": {
              "Name": "eks-vpc-private-eu-west-1b",
              "kubernetes.io/cluster/aharon-eks-26Hbn35f": "shared",
              "kubernetes.io/role/internal-elb": "1"
            },
            "tags_all": {
              "Name": "eks-vpc-private-eu-west-1b",
              "kubernetes.io/cluster/aharon-eks-26Hbn35f": "shared",
              "kubernetes.io/role/internal-elb": "1"
            },
            "timeouts": null,
            "vpc_id": "vpc-011bb222aeb9669c2"
          },
          "sensitive_attributes": [],
          "private": "eyJlMmJmYjczMC1lY2FhLTExZTYtOGY4OC0zNDM2M2JjN2M0YzAiOnsiY3JlYXRlIjo2MDAwMDAwMDAwMDAsImRlbGV0ZSI6MTIwMDAwMDAwMDAwMH0sInNjaGVtYV92ZXJzaW9uIjoiMSJ9",
          "dependencies": [
            "module.k8s-cluster.module.vpc.aws_vpc_ipv4_cidr_block_association.this",
            "module.k8s-cluster.random_string.suffix",
            "module.k8s-cluster.data.aws_availability_zones.available",
            "module.k8s-cluster.module.vpc.aws_vpc.this"
          ],
          "create_before_destroy": true
        },
        {
          "index_key": 2,
          "schema_version": 1,
          "attributes": {
            "arn": "arn:aws:ec2:eu-west-1:553686865554:subnet/subnet-04193b509db81e383",
            "assign_ipv6_address_on_creation": false,
            "availability_zone": "eu-west-1c",
            "availability_zone_id": "euw1-az2",
            "cidr_block": "10.0.3.0/24",
            "customer_owned_ipv4_pool": "",
            "id": "subnet-04193b509db81e383",
            "ipv6_cidr_block": "",
            "ipv6_cidr_block_association_id": "",
            "map_customer_owned_ip_on_launch": false,
            "map_public_ip_on_launch": false,
            "outpost_arn": "",
            "owner_id": "553686865554",
            "tags": {
              "Name": "eks-vpc-private-eu-west-1c",
              "kubernetes.io/cluster/aharon-eks-26Hbn35f": "shared",
              "kubernetes.io/role/internal-elb": "1"
            },
            "tags_all": {
              "Name": "eks-vpc-private-eu-west-1c",
              "kubernetes.io/cluster/aharon-eks-26Hbn35f": "shared",
              "kubernetes.io/role/internal-elb": "1"
            },
            "timeouts": null,
            "vpc_id": "vpc-011bb222aeb9669c2"
          },
          "sensitive_attributes": [],
          "private": "eyJlMmJmYjczMC1lY2FhLTExZTYtOGY4OC0zNDM2M2JjN2M0YzAiOnsiY3JlYXRlIjo2MDAwMDAwMDAwMDAsImRlbGV0ZSI6MTIwMDAwMDAwMDAwMH0sInNjaGVtYV92ZXJzaW9uIjoiMSJ9",
          "dependencies": [
            "module.k8s-cluster.data.aws_availability_zones.available",
            "module.k8s-cluster.module.vpc.aws_vpc.this",
            "module.k8s-cluster.module.vpc.aws_vpc_ipv4_cidr_block_association.this",
            "module.k8s-cluster.random_string.suffix"
          ],
          "create_before_destroy": true
        }
      ]
    },
    {
      "module": "module.k8s-cluster.module.vpc",
      "mode": "managed",
      "type": "aws_subnet",
      "name": "public",
      "provider": "provider[\"registry.terraform.io/hashicorp/aws\"]",
      "instances": [
        {
          "index_key": 0,
          "schema_version": 1,
          "attributes": {
            "arn": "arn:aws:ec2:eu-west-1:553686865554:subnet/subnet-08d16d2f8baba9698",
            "assign_ipv6_address_on_creation": false,
            "availability_zone": "eu-west-1a",
            "availability_zone_id": "euw1-az3",
            "cidr_block": "10.0.4.0/24",
            "customer_owned_ipv4_pool": "",
            "id": "subnet-08d16d2f8baba9698",
            "ipv6_cidr_block": "",
            "ipv6_cidr_block_association_id": "",
            "map_customer_owned_ip_on_launch": false,
            "map_public_ip_on_launch": true,
            "outpost_arn": "",
            "owner_id": "553686865554",
            "tags": {
              "Name": "eks-vpc-public-eu-west-1a",
              "kubernetes.io/cluster/aharon-eks-26Hbn35f": "shared",
              "kubernetes.io/role/elb": "1"
            },
            "tags_all": {
              "Name": "eks-vpc-public-eu-west-1a",
              "kubernetes.io/cluster/aharon-eks-26Hbn35f": "shared",
              "kubernetes.io/role/elb": "1"
            },
            "timeouts": null,
            "vpc_id": "vpc-011bb222aeb9669c2"
          },
          "sensitive_attributes": [],
          "private": "eyJlMmJmYjczMC1lY2FhLTExZTYtOGY4OC0zNDM2M2JjN2M0YzAiOnsiY3JlYXRlIjo2MDAwMDAwMDAwMDAsImRlbGV0ZSI6MTIwMDAwMDAwMDAwMH0sInNjaGVtYV92ZXJzaW9uIjoiMSJ9",
          "dependencies": [
            "module.k8s-cluster.data.aws_availability_zones.available",
            "module.k8s-cluster.module.vpc.aws_vpc.this",
            "module.k8s-cluster.module.vpc.aws_vpc_ipv4_cidr_block_association.this",
            "module.k8s-cluster.random_string.suffix"
          ]
        },
        {
          "index_key": 1,
          "schema_version": 1,
          "attributes": {
            "arn": "arn:aws:ec2:eu-west-1:553686865554:subnet/subnet-09f1f65ea273c27de",
            "assign_ipv6_address_on_creation": false,
            "availability_zone": "eu-west-1b",
            "availability_zone_id": "euw1-az1",
            "cidr_block": "10.0.5.0/24",
            "customer_owned_ipv4_pool": "",
            "id": "subnet-09f1f65ea273c27de",
            "ipv6_cidr_block": "",
            "ipv6_cidr_block_association_id": "",
            "map_customer_owned_ip_on_launch": false,
            "map_public_ip_on_launch": true,
            "outpost_arn": "",
            "owner_id": "553686865554",
            "tags": {
              "Name": "eks-vpc-public-eu-west-1b",
              "kubernetes.io/cluster/aharon-eks-26Hbn35f": "shared",
              "kubernetes.io/role/elb": "1"
            },
            "tags_all": {
              "Name": "eks-vpc-public-eu-west-1b",
              "kubernetes.io/cluster/aharon-eks-26Hbn35f": "shared",
              "kubernetes.io/role/elb": "1"
            },
            "timeouts": null,
            "vpc_id": "vpc-011bb222aeb9669c2"
          },
          "sensitive_attributes": [],
          "private": "eyJlMmJmYjczMC1lY2FhLTExZTYtOGY4OC0zNDM2M2JjN2M0YzAiOnsiY3JlYXRlIjo2MDAwMDAwMDAwMDAsImRlbGV0ZSI6MTIwMDAwMDAwMDAwMH0sInNjaGVtYV92ZXJzaW9uIjoiMSJ9",
          "dependencies": [
            "module.k8s-cluster.random_string.suffix",
            "module.k8s-cluster.data.aws_availability_zones.available",
            "module.k8s-cluster.module.vpc.aws_vpc.this",
            "module.k8s-cluster.module.vpc.aws_vpc_ipv4_cidr_block_association.this"
          ]
        },
        {
          "index_key": 2,
          "schema_version": 1,
          "attributes": {
            "arn": "arn:aws:ec2:eu-west-1:553686865554:subnet/subnet-00bf7084fa776a16d",
            "assign_ipv6_address_on_creation": false,
            "availability_zone": "eu-west-1c",
            "availability_zone_id": "euw1-az2",
            "cidr_block": "10.0.6.0/24",
            "customer_owned_ipv4_pool": "",
            "id": "subnet-00bf7084fa776a16d",
            "ipv6_cidr_block": "",
            "ipv6_cidr_block_association_id": "",
            "map_customer_owned_ip_on_launch": false,
            "map_public_ip_on_launch": true,
            "outpost_arn": "",
            "owner_id": "553686865554",
            "tags": {
              "Name": "eks-vpc-public-eu-west-1c",
              "kubernetes.io/cluster/aharon-eks-26Hbn35f": "shared",
              "kubernetes.io/role/elb": "1"
            },
            "tags_all": {
              "Name": "eks-vpc-public-eu-west-1c",
              "kubernetes.io/cluster/aharon-eks-26Hbn35f": "shared",
              "kubernetes.io/role/elb": "1"
            },
            "timeouts": null,
            "vpc_id": "vpc-011bb222aeb9669c2"
          },
          "sensitive_attributes": [],
          "private": "eyJlMmJmYjczMC1lY2FhLTExZTYtOGY4OC0zNDM2M2JjN2M0YzAiOnsiY3JlYXRlIjo2MDAwMDAwMDAwMDAsImRlbGV0ZSI6MTIwMDAwMDAwMDAwMH0sInNjaGVtYV92ZXJzaW9uIjoiMSJ9",
          "dependencies": [
            "module.k8s-cluster.data.aws_availability_zones.available",
            "module.k8s-cluster.module.vpc.aws_vpc.this",
            "module.k8s-cluster.module.vpc.aws_vpc_ipv4_cidr_block_association.this",
            "module.k8s-cluster.random_string.suffix"
          ]
        }
      ]
    },
    {
      "module": "module.k8s-cluster.module.vpc",
      "mode": "managed",
      "type": "aws_vpc",
      "name": "this",
      "provider": "provider[\"registry.terraform.io/hashicorp/aws\"]",
      "instances": [
        {
          "index_key": 0,
          "schema_version": 1,
          "attributes": {
            "arn": "arn:aws:ec2:eu-west-1:553686865554:vpc/vpc-011bb222aeb9669c2",
            "assign_generated_ipv6_cidr_block": false,
            "cidr_block": "10.0.0.0/16",
            "default_network_acl_id": "acl-0e11914580d201023",
            "default_route_table_id": "rtb-088544f78b153ad7f",
            "default_security_group_id": "sg-014e4f71d8db8f87d",
            "dhcp_options_id": "dopt-e896cd8e",
            "enable_classiclink": false,
            "enable_classiclink_dns_support": false,
            "enable_dns_hostnames": true,
            "enable_dns_support": true,
            "id": "vpc-011bb222aeb9669c2",
            "instance_tenancy": "default",
            "ipv6_association_id": "",
            "ipv6_cidr_block": "",
            "main_route_table_id": "rtb-088544f78b153ad7f",
            "owner_id": "553686865554",
            "tags": {
              "Name": "eks-vpc",
              "kubernetes.io/cluster/aharon-eks-26Hbn35f": "shared"
            },
            "tags_all": {
              "Name": "eks-vpc",
              "kubernetes.io/cluster/aharon-eks-26Hbn35f": "shared"
            }
          },
          "sensitive_attributes": [],
          "private": "eyJzY2hlbWFfdmVyc2lvbiI6IjEifQ==",
          "dependencies": [
            "module.k8s-cluster.random_string.suffix"
          ],
          "create_before_destroy": true
        }
      ]
    }
  ]
}
